{
  "version": 4,
  "terraform_version": "1.0.7",
  "serial": 696,
  "lineage": "5212119b-3520-64fa-3d52-dfb4fc22d763",
  "outputs": {},
  "resources": [
    {
      "mode": "data",
      "type": "archive_file",
      "name": "lambda",
      "provider": "provider[\"registry.terraform.io/hashicorp/archive\"]",
      "instances": [
        {
          "schema_version": 0,
          "attributes": {
            "excludes": null,
            "id": "3a0361affc44cc498d87babc6f0f66d1c1f93f95",
            "output_base64sha256": "sttZtDk44zVfv0Ujr/9nkA6pkE8rJWnyaqIOFGkOs+s=",
            "output_file_mode": null,
            "output_md5": "e3cc7f44faf49ac162d539637bb4b667",
            "output_path": "lambda_function_packed.zip",
            "output_sha": "3a0361affc44cc498d87babc6f0f66d1c1f93f95",
            "output_size": 355,
            "source": [],
            "source_content": null,
            "source_content_filename": null,
            "source_dir": null,
            "source_file": "lambda.py",
            "type": "zip"
          },
          "sensitive_attributes": []
        }
      ]
    },
    {
      "mode": "data",
      "type": "aws_iam_policy_document",
      "name": "assume_role",
      "provider": "provider[\"registry.terraform.io/hashicorp/aws\"]",
      "instances": [
        {
          "schema_version": 0,
          "attributes": {
            "id": "3693445097",
            "json": "{\n  \"Version\": \"2012-10-17\",\n  \"Statement\": [\n    {\n      \"Sid\": \"\",\n      \"Effect\": \"Allow\",\n      \"Action\": \"sts:AssumeRole\",\n      \"Principal\": {\n        \"Service\": \"lambda.amazonaws.com\"\n      }\n    }\n  ]\n}",
            "override_json": null,
            "override_policy_documents": null,
            "policy_id": null,
            "source_json": null,
            "source_policy_documents": null,
            "statement": [
              {
                "actions": [
                  "sts:AssumeRole"
                ],
                "condition": [],
                "effect": "Allow",
                "not_actions": [],
                "not_principals": [],
                "not_resources": [],
                "principals": [
                  {
                    "identifiers": [
                      "lambda.amazonaws.com"
                    ],
                    "type": "Service"
                  }
                ],
                "resources": [],
                "sid": ""
              }
            ],
            "version": "2012-10-17"
          },
          "sensitive_attributes": []
        }
      ]
    },
    {
      "mode": "managed",
      "type": "aws_dynamodb_table",
      "name": "resume_table",
      "provider": "provider[\"registry.terraform.io/hashicorp/aws\"]",
      "instances": [
        {
          "schema_version": 1,
          "attributes": {
            "arn": "arn:aws:dynamodb:us-east-1:037908621709:table/resume_table",
            "attribute": [
              {
                "name": "id",
                "type": "N"
              }
            ],
            "billing_mode": "PROVISIONED",
            "deletion_protection_enabled": false,
            "global_secondary_index": [],
            "hash_key": "id",
            "id": "resume_table",
            "local_secondary_index": [],
            "name": "resume_table",
            "point_in_time_recovery": [
              {
                "enabled": false
              }
            ],
            "range_key": null,
            "read_capacity": 10,
            "replica": [],
            "restore_date_time": null,
            "restore_source_name": null,
            "restore_to_latest_time": null,
            "server_side_encryption": [],
            "stream_arn": "",
            "stream_enabled": false,
            "stream_label": "",
            "stream_view_type": "",
            "table_class": "STANDARD",
            "tags": null,
            "tags_all": {},
            "timeouts": null,
            "ttl": [
              {
                "attribute_name": "",
                "enabled": false
              }
            ],
            "write_capacity": 10
          },
          "sensitive_attributes": [],
          "private": "eyJlMmJmYjczMC1lY2FhLTExZTYtOGY4OC0zNDM2M2JjN2M0YzAiOnsiY3JlYXRlIjoxODAwMDAwMDAwMDAwLCJkZWxldGUiOjYwMDAwMDAwMDAwMCwidXBkYXRlIjozNjAwMDAwMDAwMDAwfSwic2NoZW1hX3ZlcnNpb24iOiIxIn0="
        }
      ]
    },
    {
      "mode": "managed",
      "type": "aws_dynamodb_table_item",
      "name": "item",
      "provider": "provider[\"registry.terraform.io/hashicorp/aws\"]",
      "instances": [
        {
          "schema_version": 0,
          "attributes": {
            "hash_key": "id",
            "id": "resume_table|id|||1",
            "item": "{\r\n  \"id\": {\"N\": \"1\"},\r\n  \"count\": {\"N\": \"1\"}\r\n}\r\n",
            "range_key": null,
            "table_name": "resume_table"
          },
          "sensitive_attributes": [],
          "private": "bnVsbA==",
          "dependencies": [
            "aws_dynamodb_table.resume_table"
          ]
        }
      ]
    },
    {
      "mode": "managed",
      "type": "aws_iam_policy",
      "name": "iam_policy_for_cloud_resume",
      "provider": "provider[\"registry.terraform.io/hashicorp/aws\"]",
      "instances": [
        {
          "schema_version": 0,
          "attributes": {
            "arn": "arn:aws:iam::037908621709:policy/cloud_resume_policy",
            "description": "AWS IAM Policy for dynamodb",
            "id": "arn:aws:iam::037908621709:policy/cloud_resume_policy",
            "name": "cloud_resume_policy",
            "name_prefix": "",
            "path": "/",
            "policy": "{\"Statement\":[{\"Action\":[\"dynamodb:*\",\"dax:*\",\"application-autoscaling:DeleteScalingPolicy\",\"application-autoscaling:DeregisterScalableTarget\",\"application-autoscaling:DescribeScalableTargets\",\"application-autoscaling:DescribeScalingActivities\",\"application-autoscaling:DescribeScalingPolicies\",\"application-autoscaling:PutScalingPolicy\",\"application-autoscaling:RegisterScalableTarget\",\"cloudwatch:DeleteAlarms\",\"cloudwatch:DescribeAlarmHistory\",\"cloudwatch:DescribeAlarms\",\"cloudwatch:DescribeAlarmsForMetric\",\"cloudwatch:GetMetricStatistics\",\"cloudwatch:ListMetrics\",\"cloudwatch:PutMetricAlarm\",\"cloudwatch:GetMetricData\",\"datapipeline:ActivatePipeline\",\"datapipeline:CreatePipeline\",\"datapipeline:DeletePipeline\",\"datapipeline:DescribeObjects\",\"datapipeline:DescribePipelines\",\"datapipeline:GetPipelineDefinition\",\"datapipeline:ListPipelines\",\"datapipeline:PutPipelineDefinition\",\"datapipeline:QueryObjects\",\"ec2:DescribeVpcs\",\"ec2:DescribeSubnets\",\"ec2:DescribeSecurityGroups\",\"iam:GetRole\",\"iam:ListRoles\",\"kms:DescribeKey\",\"kms:ListAliases\",\"sns:CreateTopic\",\"sns:DeleteTopic\",\"sns:ListSubscriptions\",\"sns:ListSubscriptionsByTopic\",\"sns:ListTopics\",\"sns:Subscribe\",\"sns:Unsubscribe\",\"sns:SetTopicAttributes\",\"lambda:CreateFunction\",\"lambda:ListFunctions\",\"lambda:ListEventSourceMappings\",\"lambda:CreateEventSourceMapping\",\"lambda:DeleteEventSourceMapping\",\"lambda:GetFunctionConfiguration\",\"lambda:DeleteFunction\",\"resource-groups:ListGroups\",\"resource-groups:ListGroupResources\",\"resource-groups:GetGroup\",\"resource-groups:GetGroupQuery\",\"resource-groups:DeleteGroup\",\"resource-groups:CreateGroup\",\"tag:GetResources\",\"kinesis:ListStreams\",\"kinesis:DescribeStream\",\"kinesis:DescribeStreamSummary\"],\"Effect\":\"Allow\",\"Resource\":\"*\"},{\"Action\":\"cloudwatch:GetInsightRuleReport\",\"Effect\":\"Allow\",\"Resource\":\"arn:aws:cloudwatch:*:*:insight-rule/DynamoDBContributorInsights*\"},{\"Action\":[\"iam:PassRole\"],\"Condition\":{\"StringLike\":{\"iam:PassedToService\":[\"application-autoscaling.amazonaws.com\",\"application-autoscaling.amazonaws.com.cn\",\"dax.amazonaws.com\"]}},\"Effect\":\"Allow\",\"Resource\":\"*\"},{\"Action\":[\"iam:CreateServiceLinkedRole\"],\"Condition\":{\"StringEquals\":{\"iam:AWSServiceName\":[\"replication.dynamodb.amazonaws.com\",\"dax.amazonaws.com\",\"dynamodb.application-autoscaling.amazonaws.com\",\"contributorinsights.dynamodb.amazonaws.com\",\"kinesisreplication.dynamodb.amazonaws.com\"]}},\"Effect\":\"Allow\",\"Resource\":\"arn:aws:dynamodb:us-east-1:037908621709:table/cloud_resume_table\"}],\"Version\":\"2012-10-17\"}",
            "policy_id": "ANPAQRU4HVGG7JM225MBG",
            "tags": {},
            "tags_all": {}
          },
          "sensitive_attributes": [],
          "private": "bnVsbA=="
        }
      ]
    },
    {
      "mode": "managed",
      "type": "aws_iam_policy_attachment",
      "name": "test-attach",
      "provider": "provider[\"registry.terraform.io/hashicorp/aws\"]",
      "instances": [
        {
          "schema_version": 0,
          "attributes": {
            "groups": [],
            "id": "test-attachment",
            "name": "test-attachment",
            "policy_arn": "arn:aws:iam::037908621709:policy/cloud_resume_policy",
            "roles": [
              "iam_for_lambda"
            ],
            "users": []
          },
          "sensitive_attributes": [],
          "private": "bnVsbA==",
          "dependencies": [
            "aws_iam_policy.iam_policy_for_cloud_resume",
            "aws_iam_role.iam_for_lambda",
            "data.aws_iam_policy_document.assume_role"
          ]
        }
      ]
    },
    {
      "mode": "managed",
      "type": "aws_iam_role",
      "name": "iam_for_lambda",
      "provider": "provider[\"registry.terraform.io/hashicorp/aws\"]",
      "instances": [
        {
          "schema_version": 0,
          "attributes": {
            "arn": "arn:aws:iam::037908621709:role/iam_for_lambda",
            "assume_role_policy": "{\"Statement\":[{\"Action\":\"sts:AssumeRole\",\"Effect\":\"Allow\",\"Principal\":{\"Service\":\"lambda.amazonaws.com\"},\"Sid\":\"\"}],\"Version\":\"2012-10-17\"}",
            "create_date": "2023-05-24T17:36:34Z",
            "description": "",
            "force_detach_policies": false,
            "id": "iam_for_lambda",
            "inline_policy": [],
            "managed_policy_arns": [
              "arn:aws:iam::037908621709:policy/cloud_resume_policy"
            ],
            "max_session_duration": 3600,
            "name": "iam_for_lambda",
            "name_prefix": "",
            "path": "/",
            "permissions_boundary": null,
            "role_last_used": [
              {
                "last_used_date": "2023-05-28T13:09:18Z",
                "region": "us-east-1"
              }
            ],
            "tags": {},
            "tags_all": {},
            "unique_id": "AROAQRU4HVGG6I4JZUUDY"
          },
          "sensitive_attributes": [],
          "private": "bnVsbA==",
          "dependencies": [
            "data.aws_iam_policy_document.assume_role"
          ]
        }
      ]
    },
    {
      "mode": "managed",
      "type": "aws_lambda_function",
      "name": "cloud_lambda",
      "provider": "provider[\"registry.terraform.io/hashicorp/aws\"]",
      "instances": [
        {
          "schema_version": 0,
          "attributes": {
            "architectures": [
              "x86_64"
            ],
            "arn": "arn:aws:lambda:us-east-1:037908621709:function:cloud_lambda",
            "code_signing_config_arn": "",
            "dead_letter_config": [],
            "description": "",
            "environment": [],
            "ephemeral_storage": [
              {
                "size": 512
              }
            ],
            "file_system_config": [],
            "filename": "lambda_function_packed.zip",
            "function_name": "cloud_lambda",
            "handler": "lambda.lambda_handler",
            "id": "cloud_lambda",
            "image_config": [],
            "image_uri": "",
            "invoke_arn": "arn:aws:apigateway:us-east-1:lambda:path/2015-03-31/functions/arn:aws:lambda:us-east-1:037908621709:function:cloud_lambda/invocations",
            "kms_key_arn": "",
            "last_modified": "2023-05-26T11:28:45.000+0000",
            "layers": [],
            "memory_size": 128,
            "package_type": "Zip",
            "publish": false,
            "qualified_arn": "arn:aws:lambda:us-east-1:037908621709:function:cloud_lambda:$LATEST",
            "qualified_invoke_arn": "arn:aws:apigateway:us-east-1:lambda:path/2015-03-31/functions/arn:aws:lambda:us-east-1:037908621709:function:cloud_lambda:$LATEST/invocations",
            "replace_security_groups_on_destroy": null,
            "replacement_security_group_ids": null,
            "reserved_concurrent_executions": -1,
            "role": "arn:aws:iam::037908621709:role/iam_for_lambda",
            "runtime": "python3.9",
            "s3_bucket": null,
            "s3_key": null,
            "s3_object_version": null,
            "signing_job_arn": "",
            "signing_profile_version_arn": "",
            "skip_destroy": false,
            "snap_start": [],
            "source_code_hash": "sttZtDk44zVfv0Ujr/9nkA6pkE8rJWnyaqIOFGkOs+s=",
            "source_code_size": 355,
            "tags": {},
            "tags_all": {},
            "timeout": 3,
            "timeouts": null,
            "tracing_config": [
              {
                "mode": "PassThrough"
              }
            ],
            "version": "$LATEST",
            "vpc_config": []
          },
          "sensitive_attributes": [],
          "private": "eyJlMmJmYjczMC1lY2FhLTExZTYtOGY4OC0zNDM2M2JjN2M0YzAiOnsiY3JlYXRlIjo2MDAwMDAwMDAwMDAsImRlbGV0ZSI6NjAwMDAwMDAwMDAwLCJ1cGRhdGUiOjYwMDAwMDAwMDAwMH19",
          "dependencies": [
            "aws_iam_role.iam_for_lambda",
            "data.archive_file.lambda",
            "data.aws_iam_policy_document.assume_role"
          ]
        }
      ]
    },
    {
      "mode": "managed",
      "type": "aws_lambda_function_url",
      "name": "furl",
      "provider": "provider[\"registry.terraform.io/hashicorp/aws\"]",
      "instances": [
        {
          "schema_version": 0,
          "attributes": {
            "authorization_type": "NONE",
            "cors": [
              {
                "allow_credentials": true,
                "allow_headers": [
                  "date",
                  "keep-alive"
                ],
                "allow_methods": [
                  "*"
                ],
                "allow_origins": [
                  "*"
                ],
                "expose_headers": [
                  "date",
                  "keep-alive"
                ],
                "max_age": 86400
              }
            ],
            "function_arn": "arn:aws:lambda:us-east-1:037908621709:function:cloud_lambda",
            "function_name": "cloud_lambda",
            "function_url": "https://cegzbwdfsfdh2agygcxvmlx65i0eucxb.lambda-url.us-east-1.on.aws/",
            "id": "cloud_lambda",
            "invoke_mode": "BUFFERED",
            "qualifier": "",
            "timeouts": null,
            "url_id": "cegzbwdfsfdh2agygcxvmlx65i0eucxb"
          },
          "sensitive_attributes": [],
          "private": "eyJlMmJmYjczMC1lY2FhLTExZTYtOGY4OC0zNDM2M2JjN2M0YzAiOnsiY3JlYXRlIjo2MDAwMDAwMDAwMDB9fQ==",
          "dependencies": [
            "aws_iam_role.iam_for_lambda",
            "aws_lambda_function.cloud_lambda",
            "data.archive_file.lambda",
            "data.aws_iam_policy_document.assume_role"
          ]
        }
      ]
    },
    {
      "mode": "managed",
      "type": "aws_s3_bucket",
      "name": "priya-resume-bucket",
      "provider": "provider[\"registry.terraform.io/hashicorp/aws\"]",
      "instances": [
        {
          "schema_version": 0,
          "attributes": {
            "acceleration_status": "",
            "acl": null,
            "arn": "arn:aws:s3:::priya-resume-bucket",
            "bucket": "priya-resume-bucket",
            "bucket_domain_name": "priya-resume-bucket.s3.amazonaws.com",
            "bucket_prefix": "",
            "bucket_regional_domain_name": "priya-resume-bucket.s3.amazonaws.com",
            "cors_rule": [],
            "force_destroy": false,
            "grant": [
              {
                "id": "820b2423d77ad4b6fd984025d89cec940a756ab12d42aef366c51190b6f15e43",
                "permissions": [
                  "FULL_CONTROL"
                ],
                "type": "CanonicalUser",
                "uri": ""
              }
            ],
            "hosted_zone_id": "Z3AQBSTGFYJSTF",
            "id": "priya-resume-bucket",
            "lifecycle_rule": [],
            "logging": [],
            "object_lock_configuration": [],
            "object_lock_enabled": false,
            "policy": "",
            "region": "us-east-1",
            "replication_configuration": [],
            "request_payer": "BucketOwner",
            "server_side_encryption_configuration": [
              {
                "rule": [
                  {
                    "apply_server_side_encryption_by_default": [
                      {
                        "kms_master_key_id": "",
                        "sse_algorithm": "AES256"
                      }
                    ],
                    "bucket_key_enabled": false
                  }
                ]
              }
            ],
            "tags": {
              "Name": "priya-resume-bucket"
            },
            "tags_all": {
              "Name": "priya-resume-bucket"
            },
            "timeouts": null,
            "versioning": [
              {
                "enabled": false,
                "mfa_delete": false
              }
            ],
            "website": [],
            "website_domain": null,
            "website_endpoint": null
          },
          "sensitive_attributes": [],
          "private": "eyJlMmJmYjczMC1lY2FhLTExZTYtOGY4OC0zNDM2M2JjN2M0YzAiOnsiY3JlYXRlIjoxMjAwMDAwMDAwMDAwLCJkZWxldGUiOjM2MDAwMDAwMDAwMDAsInJlYWQiOjEyMDAwMDAwMDAwMDAsInVwZGF0ZSI6MTIwMDAwMDAwMDAwMH19"
        }
      ]
    },
    {
      "mode": "managed",
      "type": "aws_s3_object",
      "name": "object",
      "provider": "provider[\"registry.terraform.io/hashicorp/aws\"]",
      "instances": [
        {
          "index_key": "Readme.txt",
          "schema_version": 0,
          "attributes": {
            "acl": "private",
            "bucket": "priya-resume-bucket",
            "bucket_key_enabled": false,
            "cache_control": "",
            "content": null,
            "content_base64": null,
            "content_disposition": "",
            "content_encoding": "",
            "content_language": "",
            "content_type": "binary/octet-stream",
            "etag": "219aaff98df869eb410f1389923418cc",
            "force_destroy": false,
            "id": "Readme.txt",
            "key": "Readme.txt",
            "kms_key_id": null,
            "metadata": {},
            "object_lock_legal_hold_status": "",
            "object_lock_mode": "",
            "object_lock_retain_until_date": "",
            "server_side_encryption": "AES256",
            "source": "../MyPortfolio/index.html",
            "source_hash": null,
            "storage_class": "STANDARD",
            "tags": {},
            "tags_all": {},
            "version_id": "",
            "website_redirect": ""
          },
          "sensitive_attributes": [],
          "private": "bnVsbA==",
          "dependencies": [
            "aws_s3_bucket.priya-resume-bucket"
          ]
        },
        {
          "index_key": "Resume-Priyanka-Surwase.pdf",
          "schema_version": 0,
          "attributes": {
            "acl": "private",
            "bucket": "priya-resume-bucket",
            "bucket_key_enabled": false,
            "cache_control": "",
            "content": null,
            "content_base64": null,
            "content_disposition": "",
            "content_encoding": "",
            "content_language": "",
            "content_type": "binary/octet-stream",
            "etag": "219aaff98df869eb410f1389923418cc",
            "force_destroy": false,
            "id": "Resume-Priyanka-Surwase.pdf",
            "key": "Resume-Priyanka-Surwase.pdf",
            "kms_key_id": null,
            "metadata": {},
            "object_lock_legal_hold_status": "",
            "object_lock_mode": "",
            "object_lock_retain_until_date": "",
            "server_side_encryption": "AES256",
            "source": "../MyPortfolio/index.html",
            "source_hash": null,
            "storage_class": "STANDARD",
            "tags": {},
            "tags_all": {},
            "version_id": "",
            "website_redirect": ""
          },
          "sensitive_attributes": [],
          "private": "bnVsbA==",
          "dependencies": [
            "aws_s3_bucket.priya-resume-bucket"
          ]
        },
        {
          "index_key": "assets/css/style.css",
          "schema_version": 0,
          "attributes": {
            "acl": "private",
            "bucket": "priya-resume-bucket",
            "bucket_key_enabled": false,
            "cache_control": "",
            "content": null,
            "content_base64": null,
            "content_disposition": "",
            "content_encoding": "",
            "content_language": "",
            "content_type": "binary/octet-stream",
            "etag": "219aaff98df869eb410f1389923418cc",
            "force_destroy": false,
            "id": "assets/css/style.css",
            "key": "assets/css/style.css",
            "kms_key_id": null,
            "metadata": {},
            "object_lock_legal_hold_status": "",
            "object_lock_mode": "",
            "object_lock_retain_until_date": "",
            "server_side_encryption": "AES256",
            "source": "../MyPortfolio/index.html",
            "source_hash": null,
            "storage_class": "STANDARD",
            "tags": {},
            "tags_all": {},
            "version_id": "",
            "website_redirect": ""
          },
          "sensitive_attributes": [],
          "private": "bnVsbA==",
          "dependencies": [
            "aws_s3_bucket.priya-resume-bucket"
          ]
        },
        {
          "index_key": "assets/img/apple-touch-icon.png",
          "schema_version": 0,
          "attributes": {
            "acl": "private",
            "bucket": "priya-resume-bucket",
            "bucket_key_enabled": false,
            "cache_control": "",
            "content": null,
            "content_base64": null,
            "content_disposition": "",
            "content_encoding": "",
            "content_language": "",
            "content_type": "binary/octet-stream",
            "etag": "219aaff98df869eb410f1389923418cc",
            "force_destroy": false,
            "id": "assets/img/apple-touch-icon.png",
            "key": "assets/img/apple-touch-icon.png",
            "kms_key_id": null,
            "metadata": {},
            "object_lock_legal_hold_status": "",
            "object_lock_mode": "",
            "object_lock_retain_until_date": "",
            "server_side_encryption": "AES256",
            "source": "../MyPortfolio/index.html",
            "source_hash": null,
            "storage_class": "STANDARD",
            "tags": {},
            "tags_all": {},
            "version_id": "",
            "website_redirect": ""
          },
          "sensitive_attributes": [],
          "private": "bnVsbA==",
          "dependencies": [
            "aws_s3_bucket.priya-resume-bucket"
          ]
        },
        {
          "index_key": "assets/img/favicon.jpg",
          "schema_version": 0,
          "attributes": {
            "acl": "private",
            "bucket": "priya-resume-bucket",
            "bucket_key_enabled": false,
            "cache_control": "",
            "content": null,
            "content_base64": null,
            "content_disposition": "",
            "content_encoding": "",
            "content_language": "",
            "content_type": "binary/octet-stream",
            "etag": "219aaff98df869eb410f1389923418cc",
            "force_destroy": false,
            "id": "assets/img/favicon.jpg",
            "key": "assets/img/favicon.jpg",
            "kms_key_id": null,
            "metadata": {},
            "object_lock_legal_hold_status": "",
            "object_lock_mode": "",
            "object_lock_retain_until_date": "",
            "server_side_encryption": "AES256",
            "source": "../MyPortfolio/index.html",
            "source_hash": null,
            "storage_class": "STANDARD",
            "tags": {},
            "tags_all": {},
            "version_id": "",
            "website_redirect": ""
          },
          "sensitive_attributes": [],
          "private": "bnVsbA==",
          "dependencies": [
            "aws_s3_bucket.priya-resume-bucket"
          ]
        },
        {
          "index_key": "assets/img/hero-bg (2).jpg",
          "schema_version": 0,
          "attributes": {
            "acl": "private",
            "bucket": "priya-resume-bucket",
            "bucket_key_enabled": false,
            "cache_control": "",
            "content": null,
            "content_base64": null,
            "content_disposition": "",
            "content_encoding": "",
            "content_language": "",
            "content_type": "binary/octet-stream",
            "etag": "219aaff98df869eb410f1389923418cc",
            "force_destroy": false,
            "id": "assets/img/hero-bg (2).jpg",
            "key": "assets/img/hero-bg (2).jpg",
            "kms_key_id": null,
            "metadata": {},
            "object_lock_legal_hold_status": "",
            "object_lock_mode": "",
            "object_lock_retain_until_date": "",
            "server_side_encryption": "AES256",
            "source": "../MyPortfolio/index.html",
            "source_hash": null,
            "storage_class": "STANDARD",
            "tags": {},
            "tags_all": {},
            "version_id": "",
            "website_redirect": ""
          },
          "sensitive_attributes": [],
          "private": "bnVsbA==",
          "dependencies": [
            "aws_s3_bucket.priya-resume-bucket"
          ]
        },
        {
          "index_key": "assets/img/hero-bg.jpg",
          "schema_version": 0,
          "attributes": {
            "acl": "private",
            "bucket": "priya-resume-bucket",
            "bucket_key_enabled": false,
            "cache_control": "",
            "content": null,
            "content_base64": null,
            "content_disposition": "",
            "content_encoding": "",
            "content_language": "",
            "content_type": "binary/octet-stream",
            "etag": "219aaff98df869eb410f1389923418cc",
            "force_destroy": false,
            "id": "assets/img/hero-bg.jpg",
            "key": "assets/img/hero-bg.jpg",
            "kms_key_id": null,
            "metadata": {},
            "object_lock_legal_hold_status": "",
            "object_lock_mode": "",
            "object_lock_retain_until_date": "",
            "server_side_encryption": "AES256",
            "source": "../MyPortfolio/index.html",
            "source_hash": null,
            "storage_class": "STANDARD",
            "tags": {},
            "tags_all": {},
            "version_id": "",
            "website_redirect": ""
          },
          "sensitive_attributes": [],
          "private": "bnVsbA==",
          "dependencies": [
            "aws_s3_bucket.priya-resume-bucket"
          ]
        },
        {
          "index_key": "assets/js/main.js",
          "schema_version": 0,
          "attributes": {
            "acl": "private",
            "bucket": "priya-resume-bucket",
            "bucket_key_enabled": false,
            "cache_control": "",
            "content": null,
            "content_base64": null,
            "content_disposition": "",
            "content_encoding": "",
            "content_language": "",
            "content_type": "binary/octet-stream",
            "etag": "219aaff98df869eb410f1389923418cc",
            "force_destroy": false,
            "id": "assets/js/main.js",
            "key": "assets/js/main.js",
            "kms_key_id": null,
            "metadata": {},
            "object_lock_legal_hold_status": "",
            "object_lock_mode": "",
            "object_lock_retain_until_date": "",
            "server_side_encryption": "AES256",
            "source": "../MyPortfolio/index.html",
            "source_hash": null,
            "storage_class": "STANDARD",
            "tags": {},
            "tags_all": {},
            "version_id": "",
            "website_redirect": ""
          },
          "sensitive_attributes": [],
          "private": "bnVsbA==",
          "dependencies": [
            "aws_s3_bucket.priya-resume-bucket"
          ]
        },
        {
          "index_key": "assets/scss/Readme.txt",
          "schema_version": 0,
          "attributes": {
            "acl": "private",
            "bucket": "priya-resume-bucket",
            "bucket_key_enabled": false,
            "cache_control": "",
            "content": null,
            "content_base64": null,
            "content_disposition": "",
            "content_encoding": "",
            "content_language": "",
            "content_type": "binary/octet-stream",
            "etag": "219aaff98df869eb410f1389923418cc",
            "force_destroy": false,
            "id": "assets/scss/Readme.txt",
            "key": "assets/scss/Readme.txt",
            "kms_key_id": null,
            "metadata": {},
            "object_lock_legal_hold_status": "",
            "object_lock_mode": "",
            "object_lock_retain_until_date": "",
            "server_side_encryption": "AES256",
            "source": "../MyPortfolio/index.html",
            "source_hash": null,
            "storage_class": "STANDARD",
            "tags": {},
            "tags_all": {},
            "version_id": "",
            "website_redirect": ""
          },
          "sensitive_attributes": [],
          "private": "bnVsbA==",
          "dependencies": [
            "aws_s3_bucket.priya-resume-bucket"
          ]
        },
        {
          "index_key": "assets/vendor/aos/aos.css",
          "schema_version": 0,
          "attributes": {
            "acl": "private",
            "bucket": "priya-resume-bucket",
            "bucket_key_enabled": false,
            "cache_control": "",
            "content": null,
            "content_base64": null,
            "content_disposition": "",
            "content_encoding": "",
            "content_language": "",
            "content_type": "binary/octet-stream",
            "etag": "219aaff98df869eb410f1389923418cc",
            "force_destroy": false,
            "id": "assets/vendor/aos/aos.css",
            "key": "assets/vendor/aos/aos.css",
            "kms_key_id": null,
            "metadata": {},
            "object_lock_legal_hold_status": "",
            "object_lock_mode": "",
            "object_lock_retain_until_date": "",
            "server_side_encryption": "AES256",
            "source": "../MyPortfolio/index.html",
            "source_hash": null,
            "storage_class": "STANDARD",
            "tags": {},
            "tags_all": {},
            "version_id": "",
            "website_redirect": ""
          },
          "sensitive_attributes": [],
          "private": "bnVsbA==",
          "dependencies": [
            "aws_s3_bucket.priya-resume-bucket"
          ]
        },
        {
          "index_key": "assets/vendor/aos/aos.js",
          "schema_version": 0,
          "attributes": {
            "acl": "private",
            "bucket": "priya-resume-bucket",
            "bucket_key_enabled": false,
            "cache_control": "",
            "content": null,
            "content_base64": null,
            "content_disposition": "",
            "content_encoding": "",
            "content_language": "",
            "content_type": "binary/octet-stream",
            "etag": "219aaff98df869eb410f1389923418cc",
            "force_destroy": false,
            "id": "assets/vendor/aos/aos.js",
            "key": "assets/vendor/aos/aos.js",
            "kms_key_id": null,
            "metadata": {},
            "object_lock_legal_hold_status": "",
            "object_lock_mode": "",
            "object_lock_retain_until_date": "",
            "server_side_encryption": "AES256",
            "source": "../MyPortfolio/index.html",
            "source_hash": null,
            "storage_class": "STANDARD",
            "tags": {},
            "tags_all": {},
            "version_id": "",
            "website_redirect": ""
          },
          "sensitive_attributes": [],
          "private": "bnVsbA==",
          "dependencies": [
            "aws_s3_bucket.priya-resume-bucket"
          ]
        },
        {
          "index_key": "assets/vendor/bootstrap-icons/bootstrap-icons.css",
          "schema_version": 0,
          "attributes": {
            "acl": "private",
            "bucket": "priya-resume-bucket",
            "bucket_key_enabled": false,
            "cache_control": "",
            "content": null,
            "content_base64": null,
            "content_disposition": "",
            "content_encoding": "",
            "content_language": "",
            "content_type": "binary/octet-stream",
            "etag": "219aaff98df869eb410f1389923418cc",
            "force_destroy": false,
            "id": "assets/vendor/bootstrap-icons/bootstrap-icons.css",
            "key": "assets/vendor/bootstrap-icons/bootstrap-icons.css",
            "kms_key_id": null,
            "metadata": {},
            "object_lock_legal_hold_status": "",
            "object_lock_mode": "",
            "object_lock_retain_until_date": "",
            "server_side_encryption": "AES256",
            "source": "../MyPortfolio/index.html",
            "source_hash": null,
            "storage_class": "STANDARD",
            "tags": {},
            "tags_all": {},
            "version_id": "",
            "website_redirect": ""
          },
          "sensitive_attributes": [],
          "private": "bnVsbA==",
          "dependencies": [
            "aws_s3_bucket.priya-resume-bucket"
          ]
        },
        {
          "index_key": "assets/vendor/bootstrap-icons/bootstrap-icons.json",
          "schema_version": 0,
          "attributes": {
            "acl": "private",
            "bucket": "priya-resume-bucket",
            "bucket_key_enabled": false,
            "cache_control": "",
            "content": null,
            "content_base64": null,
            "content_disposition": "",
            "content_encoding": "",
            "content_language": "",
            "content_type": "binary/octet-stream",
            "etag": "219aaff98df869eb410f1389923418cc",
            "force_destroy": false,
            "id": "assets/vendor/bootstrap-icons/bootstrap-icons.json",
            "key": "assets/vendor/bootstrap-icons/bootstrap-icons.json",
            "kms_key_id": null,
            "metadata": {},
            "object_lock_legal_hold_status": "",
            "object_lock_mode": "",
            "object_lock_retain_until_date": "",
            "server_side_encryption": "AES256",
            "source": "../MyPortfolio/index.html",
            "source_hash": null,
            "storage_class": "STANDARD",
            "tags": {},
            "tags_all": {},
            "version_id": "",
            "website_redirect": ""
          },
          "sensitive_attributes": [],
          "private": "bnVsbA==",
          "dependencies": [
            "aws_s3_bucket.priya-resume-bucket"
          ]
        },
        {
          "index_key": "assets/vendor/bootstrap-icons/bootstrap-icons.scss",
          "schema_version": 0,
          "attributes": {
            "acl": "private",
            "bucket": "priya-resume-bucket",
            "bucket_key_enabled": false,
            "cache_control": "",
            "content": null,
            "content_base64": null,
            "content_disposition": "",
            "content_encoding": "",
            "content_language": "",
            "content_type": "binary/octet-stream",
            "etag": "219aaff98df869eb410f1389923418cc",
            "force_destroy": false,
            "id": "assets/vendor/bootstrap-icons/bootstrap-icons.scss",
            "key": "assets/vendor/bootstrap-icons/bootstrap-icons.scss",
            "kms_key_id": null,
            "metadata": {},
            "object_lock_legal_hold_status": "",
            "object_lock_mode": "",
            "object_lock_retain_until_date": "",
            "server_side_encryption": "AES256",
            "source": "../MyPortfolio/index.html",
            "source_hash": null,
            "storage_class": "STANDARD",
            "tags": {},
            "tags_all": {},
            "version_id": "",
            "website_redirect": ""
          },
          "sensitive_attributes": [],
          "private": "bnVsbA==",
          "dependencies": [
            "aws_s3_bucket.priya-resume-bucket"
          ]
        },
        {
          "index_key": "assets/vendor/bootstrap-icons/fonts/bootstrap-icons.woff",
          "schema_version": 0,
          "attributes": {
            "acl": "private",
            "bucket": "priya-resume-bucket",
            "bucket_key_enabled": false,
            "cache_control": "",
            "content": null,
            "content_base64": null,
            "content_disposition": "",
            "content_encoding": "",
            "content_language": "",
            "content_type": "binary/octet-stream",
            "etag": "219aaff98df869eb410f1389923418cc",
            "force_destroy": false,
            "id": "assets/vendor/bootstrap-icons/fonts/bootstrap-icons.woff",
            "key": "assets/vendor/bootstrap-icons/fonts/bootstrap-icons.woff",
            "kms_key_id": null,
            "metadata": {},
            "object_lock_legal_hold_status": "",
            "object_lock_mode": "",
            "object_lock_retain_until_date": "",
            "server_side_encryption": "AES256",
            "source": "../MyPortfolio/index.html",
            "source_hash": null,
            "storage_class": "STANDARD",
            "tags": {},
            "tags_all": {},
            "version_id": "",
            "website_redirect": ""
          },
          "sensitive_attributes": [],
          "private": "bnVsbA==",
          "dependencies": [
            "aws_s3_bucket.priya-resume-bucket"
          ]
        },
        {
          "index_key": "assets/vendor/bootstrap-icons/fonts/bootstrap-icons.woff2",
          "schema_version": 0,
          "attributes": {
            "acl": "private",
            "bucket": "priya-resume-bucket",
            "bucket_key_enabled": false,
            "cache_control": "",
            "content": null,
            "content_base64": null,
            "content_disposition": "",
            "content_encoding": "",
            "content_language": "",
            "content_type": "binary/octet-stream",
            "etag": "219aaff98df869eb410f1389923418cc",
            "force_destroy": false,
            "id": "assets/vendor/bootstrap-icons/fonts/bootstrap-icons.woff2",
            "key": "assets/vendor/bootstrap-icons/fonts/bootstrap-icons.woff2",
            "kms_key_id": null,
            "metadata": {},
            "object_lock_legal_hold_status": "",
            "object_lock_mode": "",
            "object_lock_retain_until_date": "",
            "server_side_encryption": "AES256",
            "source": "../MyPortfolio/index.html",
            "source_hash": null,
            "storage_class": "STANDARD",
            "tags": {},
            "tags_all": {},
            "version_id": "",
            "website_redirect": ""
          },
          "sensitive_attributes": [],
          "private": "bnVsbA==",
          "dependencies": [
            "aws_s3_bucket.priya-resume-bucket"
          ]
        },
        {
          "index_key": "assets/vendor/bootstrap/css/bootstrap-grid.css",
          "schema_version": 0,
          "attributes": {
            "acl": "private",
            "bucket": "priya-resume-bucket",
            "bucket_key_enabled": false,
            "cache_control": "",
            "content": null,
            "content_base64": null,
            "content_disposition": "",
            "content_encoding": "",
            "content_language": "",
            "content_type": "binary/octet-stream",
            "etag": "219aaff98df869eb410f1389923418cc",
            "force_destroy": false,
            "id": "assets/vendor/bootstrap/css/bootstrap-grid.css",
            "key": "assets/vendor/bootstrap/css/bootstrap-grid.css",
            "kms_key_id": null,
            "metadata": {},
            "object_lock_legal_hold_status": "",
            "object_lock_mode": "",
            "object_lock_retain_until_date": "",
            "server_side_encryption": "AES256",
            "source": "../MyPortfolio/index.html",
            "source_hash": null,
            "storage_class": "STANDARD",
            "tags": {},
            "tags_all": {},
            "version_id": "",
            "website_redirect": ""
          },
          "sensitive_attributes": [],
          "private": "bnVsbA==",
          "dependencies": [
            "aws_s3_bucket.priya-resume-bucket"
          ]
        },
        {
          "index_key": "assets/vendor/bootstrap/css/bootstrap-grid.css.map",
          "schema_version": 0,
          "attributes": {
            "acl": "private",
            "bucket": "priya-resume-bucket",
            "bucket_key_enabled": false,
            "cache_control": "",
            "content": null,
            "content_base64": null,
            "content_disposition": "",
            "content_encoding": "",
            "content_language": "",
            "content_type": "binary/octet-stream",
            "etag": "219aaff98df869eb410f1389923418cc",
            "force_destroy": false,
            "id": "assets/vendor/bootstrap/css/bootstrap-grid.css.map",
            "key": "assets/vendor/bootstrap/css/bootstrap-grid.css.map",
            "kms_key_id": null,
            "metadata": {},
            "object_lock_legal_hold_status": "",
            "object_lock_mode": "",
            "object_lock_retain_until_date": "",
            "server_side_encryption": "AES256",
            "source": "../MyPortfolio/index.html",
            "source_hash": null,
            "storage_class": "STANDARD",
            "tags": {},
            "tags_all": {},
            "version_id": "",
            "website_redirect": ""
          },
          "sensitive_attributes": [],
          "private": "bnVsbA==",
          "dependencies": [
            "aws_s3_bucket.priya-resume-bucket"
          ]
        },
        {
          "index_key": "assets/vendor/bootstrap/css/bootstrap-grid.min.css",
          "schema_version": 0,
          "attributes": {
            "acl": "private",
            "bucket": "priya-resume-bucket",
            "bucket_key_enabled": false,
            "cache_control": "",
            "content": null,
            "content_base64": null,
            "content_disposition": "",
            "content_encoding": "",
            "content_language": "",
            "content_type": "binary/octet-stream",
            "etag": "219aaff98df869eb410f1389923418cc",
            "force_destroy": false,
            "id": "assets/vendor/bootstrap/css/bootstrap-grid.min.css",
            "key": "assets/vendor/bootstrap/css/bootstrap-grid.min.css",
            "kms_key_id": null,
            "metadata": {},
            "object_lock_legal_hold_status": "",
            "object_lock_mode": "",
            "object_lock_retain_until_date": "",
            "server_side_encryption": "AES256",
            "source": "../MyPortfolio/index.html",
            "source_hash": null,
            "storage_class": "STANDARD",
            "tags": {},
            "tags_all": {},
            "version_id": "",
            "website_redirect": ""
          },
          "sensitive_attributes": [],
          "private": "bnVsbA==",
          "dependencies": [
            "aws_s3_bucket.priya-resume-bucket"
          ]
        },
        {
          "index_key": "assets/vendor/bootstrap/css/bootstrap-grid.min.css.map",
          "schema_version": 0,
          "attributes": {
            "acl": "private",
            "bucket": "priya-resume-bucket",
            "bucket_key_enabled": false,
            "cache_control": "",
            "content": null,
            "content_base64": null,
            "content_disposition": "",
            "content_encoding": "",
            "content_language": "",
            "content_type": "binary/octet-stream",
            "etag": "219aaff98df869eb410f1389923418cc",
            "force_destroy": false,
            "id": "assets/vendor/bootstrap/css/bootstrap-grid.min.css.map",
            "key": "assets/vendor/bootstrap/css/bootstrap-grid.min.css.map",
            "kms_key_id": null,
            "metadata": {},
            "object_lock_legal_hold_status": "",
            "object_lock_mode": "",
            "object_lock_retain_until_date": "",
            "server_side_encryption": "AES256",
            "source": "../MyPortfolio/index.html",
            "source_hash": null,
            "storage_class": "STANDARD",
            "tags": {},
            "tags_all": {},
            "version_id": "",
            "website_redirect": ""
          },
          "sensitive_attributes": [],
          "private": "bnVsbA==",
          "dependencies": [
            "aws_s3_bucket.priya-resume-bucket"
          ]
        },
        {
          "index_key": "assets/vendor/bootstrap/css/bootstrap-grid.rtl.css",
          "schema_version": 0,
          "attributes": {
            "acl": "private",
            "bucket": "priya-resume-bucket",
            "bucket_key_enabled": false,
            "cache_control": "",
            "content": null,
            "content_base64": null,
            "content_disposition": "",
            "content_encoding": "",
            "content_language": "",
            "content_type": "binary/octet-stream",
            "etag": "219aaff98df869eb410f1389923418cc",
            "force_destroy": false,
            "id": "assets/vendor/bootstrap/css/bootstrap-grid.rtl.css",
            "key": "assets/vendor/bootstrap/css/bootstrap-grid.rtl.css",
            "kms_key_id": null,
            "metadata": {},
            "object_lock_legal_hold_status": "",
            "object_lock_mode": "",
            "object_lock_retain_until_date": "",
            "server_side_encryption": "AES256",
            "source": "../MyPortfolio/index.html",
            "source_hash": null,
            "storage_class": "STANDARD",
            "tags": {},
            "tags_all": {},
            "version_id": "",
            "website_redirect": ""
          },
          "sensitive_attributes": [],
          "private": "bnVsbA==",
          "dependencies": [
            "aws_s3_bucket.priya-resume-bucket"
          ]
        },
        {
          "index_key": "assets/vendor/bootstrap/css/bootstrap-grid.rtl.css.map",
          "schema_version": 0,
          "attributes": {
            "acl": "private",
            "bucket": "priya-resume-bucket",
            "bucket_key_enabled": false,
            "cache_control": "",
            "content": null,
            "content_base64": null,
            "content_disposition": "",
            "content_encoding": "",
            "content_language": "",
            "content_type": "binary/octet-stream",
            "etag": "219aaff98df869eb410f1389923418cc",
            "force_destroy": false,
            "id": "assets/vendor/bootstrap/css/bootstrap-grid.rtl.css.map",
            "key": "assets/vendor/bootstrap/css/bootstrap-grid.rtl.css.map",
            "kms_key_id": null,
            "metadata": {},
            "object_lock_legal_hold_status": "",
            "object_lock_mode": "",
            "object_lock_retain_until_date": "",
            "server_side_encryption": "AES256",
            "source": "../MyPortfolio/index.html",
            "source_hash": null,
            "storage_class": "STANDARD",
            "tags": {},
            "tags_all": {},
            "version_id": "",
            "website_redirect": ""
          },
          "sensitive_attributes": [],
          "private": "bnVsbA==",
          "dependencies": [
            "aws_s3_bucket.priya-resume-bucket"
          ]
        },
        {
          "index_key": "assets/vendor/bootstrap/css/bootstrap-grid.rtl.min.css",
          "schema_version": 0,
          "attributes": {
            "acl": "private",
            "bucket": "priya-resume-bucket",
            "bucket_key_enabled": false,
            "cache_control": "",
            "content": null,
            "content_base64": null,
            "content_disposition": "",
            "content_encoding": "",
            "content_language": "",
            "content_type": "binary/octet-stream",
            "etag": "219aaff98df869eb410f1389923418cc",
            "force_destroy": false,
            "id": "assets/vendor/bootstrap/css/bootstrap-grid.rtl.min.css",
            "key": "assets/vendor/bootstrap/css/bootstrap-grid.rtl.min.css",
            "kms_key_id": null,
            "metadata": {},
            "object_lock_legal_hold_status": "",
            "object_lock_mode": "",
            "object_lock_retain_until_date": "",
            "server_side_encryption": "AES256",
            "source": "../MyPortfolio/index.html",
            "source_hash": null,
            "storage_class": "STANDARD",
            "tags": {},
            "tags_all": {},
            "version_id": "",
            "website_redirect": ""
          },
          "sensitive_attributes": [],
          "private": "bnVsbA==",
          "dependencies": [
            "aws_s3_bucket.priya-resume-bucket"
          ]
        },
        {
          "index_key": "assets/vendor/bootstrap/css/bootstrap-grid.rtl.min.css.map",
          "schema_version": 0,
          "attributes": {
            "acl": "private",
            "bucket": "priya-resume-bucket",
            "bucket_key_enabled": false,
            "cache_control": "",
            "content": null,
            "content_base64": null,
            "content_disposition": "",
            "content_encoding": "",
            "content_language": "",
            "content_type": "binary/octet-stream",
            "etag": "219aaff98df869eb410f1389923418cc",
            "force_destroy": false,
            "id": "assets/vendor/bootstrap/css/bootstrap-grid.rtl.min.css.map",
            "key": "assets/vendor/bootstrap/css/bootstrap-grid.rtl.min.css.map",
            "kms_key_id": null,
            "metadata": {},
            "object_lock_legal_hold_status": "",
            "object_lock_mode": "",
            "object_lock_retain_until_date": "",
            "server_side_encryption": "AES256",
            "source": "../MyPortfolio/index.html",
            "source_hash": null,
            "storage_class": "STANDARD",
            "tags": {},
            "tags_all": {},
            "version_id": "",
            "website_redirect": ""
          },
          "sensitive_attributes": [],
          "private": "bnVsbA==",
          "dependencies": [
            "aws_s3_bucket.priya-resume-bucket"
          ]
        },
        {
          "index_key": "assets/vendor/bootstrap/css/bootstrap-reboot.css",
          "schema_version": 0,
          "attributes": {
            "acl": "private",
            "bucket": "priya-resume-bucket",
            "bucket_key_enabled": false,
            "cache_control": "",
            "content": null,
            "content_base64": null,
            "content_disposition": "",
            "content_encoding": "",
            "content_language": "",
            "content_type": "binary/octet-stream",
            "etag": "219aaff98df869eb410f1389923418cc",
            "force_destroy": false,
            "id": "assets/vendor/bootstrap/css/bootstrap-reboot.css",
            "key": "assets/vendor/bootstrap/css/bootstrap-reboot.css",
            "kms_key_id": null,
            "metadata": {},
            "object_lock_legal_hold_status": "",
            "object_lock_mode": "",
            "object_lock_retain_until_date": "",
            "server_side_encryption": "AES256",
            "source": "../MyPortfolio/index.html",
            "source_hash": null,
            "storage_class": "STANDARD",
            "tags": {},
            "tags_all": {},
            "version_id": "",
            "website_redirect": ""
          },
          "sensitive_attributes": [],
          "private": "bnVsbA==",
          "dependencies": [
            "aws_s3_bucket.priya-resume-bucket"
          ]
        },
        {
          "index_key": "assets/vendor/bootstrap/css/bootstrap-reboot.css.map",
          "schema_version": 0,
          "attributes": {
            "acl": "private",
            "bucket": "priya-resume-bucket",
            "bucket_key_enabled": false,
            "cache_control": "",
            "content": null,
            "content_base64": null,
            "content_disposition": "",
            "content_encoding": "",
            "content_language": "",
            "content_type": "binary/octet-stream",
            "etag": "219aaff98df869eb410f1389923418cc",
            "force_destroy": false,
            "id": "assets/vendor/bootstrap/css/bootstrap-reboot.css.map",
            "key": "assets/vendor/bootstrap/css/bootstrap-reboot.css.map",
            "kms_key_id": null,
            "metadata": {},
            "object_lock_legal_hold_status": "",
            "object_lock_mode": "",
            "object_lock_retain_until_date": "",
            "server_side_encryption": "AES256",
            "source": "../MyPortfolio/index.html",
            "source_hash": null,
            "storage_class": "STANDARD",
            "tags": {},
            "tags_all": {},
            "version_id": "",
            "website_redirect": ""
          },
          "sensitive_attributes": [],
          "private": "bnVsbA==",
          "dependencies": [
            "aws_s3_bucket.priya-resume-bucket"
          ]
        },
        {
          "index_key": "assets/vendor/bootstrap/css/bootstrap-reboot.min.css",
          "schema_version": 0,
          "attributes": {
            "acl": "private",
            "bucket": "priya-resume-bucket",
            "bucket_key_enabled": false,
            "cache_control": "",
            "content": null,
            "content_base64": null,
            "content_disposition": "",
            "content_encoding": "",
            "content_language": "",
            "content_type": "binary/octet-stream",
            "etag": "219aaff98df869eb410f1389923418cc",
            "force_destroy": false,
            "id": "assets/vendor/bootstrap/css/bootstrap-reboot.min.css",
            "key": "assets/vendor/bootstrap/css/bootstrap-reboot.min.css",
            "kms_key_id": null,
            "metadata": {},
            "object_lock_legal_hold_status": "",
            "object_lock_mode": "",
            "object_lock_retain_until_date": "",
            "server_side_encryption": "AES256",
            "source": "../MyPortfolio/index.html",
            "source_hash": null,
            "storage_class": "STANDARD",
            "tags": {},
            "tags_all": {},
            "version_id": "",
            "website_redirect": ""
          },
          "sensitive_attributes": [],
          "private": "bnVsbA==",
          "dependencies": [
            "aws_s3_bucket.priya-resume-bucket"
          ]
        },
        {
          "index_key": "assets/vendor/bootstrap/css/bootstrap-reboot.min.css.map",
          "schema_version": 0,
          "attributes": {
            "acl": "private",
            "bucket": "priya-resume-bucket",
            "bucket_key_enabled": false,
            "cache_control": "",
            "content": null,
            "content_base64": null,
            "content_disposition": "",
            "content_encoding": "",
            "content_language": "",
            "content_type": "binary/octet-stream",
            "etag": "219aaff98df869eb410f1389923418cc",
            "force_destroy": false,
            "id": "assets/vendor/bootstrap/css/bootstrap-reboot.min.css.map",
            "key": "assets/vendor/bootstrap/css/bootstrap-reboot.min.css.map",
            "kms_key_id": null,
            "metadata": {},
            "object_lock_legal_hold_status": "",
            "object_lock_mode": "",
            "object_lock_retain_until_date": "",
            "server_side_encryption": "AES256",
            "source": "../MyPortfolio/index.html",
            "source_hash": null,
            "storage_class": "STANDARD",
            "tags": {},
            "tags_all": {},
            "version_id": "",
            "website_redirect": ""
          },
          "sensitive_attributes": [],
          "private": "bnVsbA==",
          "dependencies": [
            "aws_s3_bucket.priya-resume-bucket"
          ]
        },
        {
          "index_key": "assets/vendor/bootstrap/css/bootstrap-reboot.rtl.css",
          "schema_version": 0,
          "attributes": {
            "acl": "private",
            "bucket": "priya-resume-bucket",
            "bucket_key_enabled": false,
            "cache_control": "",
            "content": null,
            "content_base64": null,
            "content_disposition": "",
            "content_encoding": "",
            "content_language": "",
            "content_type": "binary/octet-stream",
            "etag": "219aaff98df869eb410f1389923418cc",
            "force_destroy": false,
            "id": "assets/vendor/bootstrap/css/bootstrap-reboot.rtl.css",
            "key": "assets/vendor/bootstrap/css/bootstrap-reboot.rtl.css",
            "kms_key_id": null,
            "metadata": {},
            "object_lock_legal_hold_status": "",
            "object_lock_mode": "",
            "object_lock_retain_until_date": "",
            "server_side_encryption": "AES256",
            "source": "../MyPortfolio/index.html",
            "source_hash": null,
            "storage_class": "STANDARD",
            "tags": {},
            "tags_all": {},
            "version_id": "",
            "website_redirect": ""
          },
          "sensitive_attributes": [],
          "private": "bnVsbA==",
          "dependencies": [
            "aws_s3_bucket.priya-resume-bucket"
          ]
        },
        {
          "index_key": "assets/vendor/bootstrap/css/bootstrap-reboot.rtl.css.map",
          "schema_version": 0,
          "attributes": {
            "acl": "private",
            "bucket": "priya-resume-bucket",
            "bucket_key_enabled": false,
            "cache_control": "",
            "content": null,
            "content_base64": null,
            "content_disposition": "",
            "content_encoding": "",
            "content_language": "",
            "content_type": "binary/octet-stream",
            "etag": "219aaff98df869eb410f1389923418cc",
            "force_destroy": false,
            "id": "assets/vendor/bootstrap/css/bootstrap-reboot.rtl.css.map",
            "key": "assets/vendor/bootstrap/css/bootstrap-reboot.rtl.css.map",
            "kms_key_id": null,
            "metadata": {},
            "object_lock_legal_hold_status": "",
            "object_lock_mode": "",
            "object_lock_retain_until_date": "",
            "server_side_encryption": "AES256",
            "source": "../MyPortfolio/index.html",
            "source_hash": null,
            "storage_class": "STANDARD",
            "tags": {},
            "tags_all": {},
            "version_id": "",
            "website_redirect": ""
          },
          "sensitive_attributes": [],
          "private": "bnVsbA==",
          "dependencies": [
            "aws_s3_bucket.priya-resume-bucket"
          ]
        },
        {
          "index_key": "assets/vendor/bootstrap/css/bootstrap-reboot.rtl.min.css",
          "schema_version": 0,
          "attributes": {
            "acl": "private",
            "bucket": "priya-resume-bucket",
            "bucket_key_enabled": false,
            "cache_control": "",
            "content": null,
            "content_base64": null,
            "content_disposition": "",
            "content_encoding": "",
            "content_language": "",
            "content_type": "binary/octet-stream",
            "etag": "219aaff98df869eb410f1389923418cc",
            "force_destroy": false,
            "id": "assets/vendor/bootstrap/css/bootstrap-reboot.rtl.min.css",
            "key": "assets/vendor/bootstrap/css/bootstrap-reboot.rtl.min.css",
            "kms_key_id": null,
            "metadata": {},
            "object_lock_legal_hold_status": "",
            "object_lock_mode": "",
            "object_lock_retain_until_date": "",
            "server_side_encryption": "AES256",
            "source": "../MyPortfolio/index.html",
            "source_hash": null,
            "storage_class": "STANDARD",
            "tags": {},
            "tags_all": {},
            "version_id": "",
            "website_redirect": ""
          },
          "sensitive_attributes": [],
          "private": "bnVsbA==",
          "dependencies": [
            "aws_s3_bucket.priya-resume-bucket"
          ]
        },
        {
          "index_key": "assets/vendor/bootstrap/css/bootstrap-reboot.rtl.min.css.map",
          "schema_version": 0,
          "attributes": {
            "acl": "private",
            "bucket": "priya-resume-bucket",
            "bucket_key_enabled": false,
            "cache_control": "",
            "content": null,
            "content_base64": null,
            "content_disposition": "",
            "content_encoding": "",
            "content_language": "",
            "content_type": "binary/octet-stream",
            "etag": "219aaff98df869eb410f1389923418cc",
            "force_destroy": false,
            "id": "assets/vendor/bootstrap/css/bootstrap-reboot.rtl.min.css.map",
            "key": "assets/vendor/bootstrap/css/bootstrap-reboot.rtl.min.css.map",
            "kms_key_id": null,
            "metadata": {},
            "object_lock_legal_hold_status": "",
            "object_lock_mode": "",
            "object_lock_retain_until_date": "",
            "server_side_encryption": "AES256",
            "source": "../MyPortfolio/index.html",
            "source_hash": null,
            "storage_class": "STANDARD",
            "tags": {},
            "tags_all": {},
            "version_id": "",
            "website_redirect": ""
          },
          "sensitive_attributes": [],
          "private": "bnVsbA==",
          "dependencies": [
            "aws_s3_bucket.priya-resume-bucket"
          ]
        },
        {
          "index_key": "assets/vendor/bootstrap/css/bootstrap-utilities.css",
          "schema_version": 0,
          "attributes": {
            "acl": "private",
            "bucket": "priya-resume-bucket",
            "bucket_key_enabled": false,
            "cache_control": "",
            "content": null,
            "content_base64": null,
            "content_disposition": "",
            "content_encoding": "",
            "content_language": "",
            "content_type": "binary/octet-stream",
            "etag": "219aaff98df869eb410f1389923418cc",
            "force_destroy": false,
            "id": "assets/vendor/bootstrap/css/bootstrap-utilities.css",
            "key": "assets/vendor/bootstrap/css/bootstrap-utilities.css",
            "kms_key_id": null,
            "metadata": {},
            "object_lock_legal_hold_status": "",
            "object_lock_mode": "",
            "object_lock_retain_until_date": "",
            "server_side_encryption": "AES256",
            "source": "../MyPortfolio/index.html",
            "source_hash": null,
            "storage_class": "STANDARD",
            "tags": {},
            "tags_all": {},
            "version_id": "",
            "website_redirect": ""
          },
          "sensitive_attributes": [],
          "private": "bnVsbA==",
          "dependencies": [
            "aws_s3_bucket.priya-resume-bucket"
          ]
        },
        {
          "index_key": "assets/vendor/bootstrap/css/bootstrap-utilities.css.map",
          "schema_version": 0,
          "attributes": {
            "acl": "private",
            "bucket": "priya-resume-bucket",
            "bucket_key_enabled": false,
            "cache_control": "",
            "content": null,
            "content_base64": null,
            "content_disposition": "",
            "content_encoding": "",
            "content_language": "",
            "content_type": "binary/octet-stream",
            "etag": "219aaff98df869eb410f1389923418cc",
            "force_destroy": false,
            "id": "assets/vendor/bootstrap/css/bootstrap-utilities.css.map",
            "key": "assets/vendor/bootstrap/css/bootstrap-utilities.css.map",
            "kms_key_id": null,
            "metadata": {},
            "object_lock_legal_hold_status": "",
            "object_lock_mode": "",
            "object_lock_retain_until_date": "",
            "server_side_encryption": "AES256",
            "source": "../MyPortfolio/index.html",
            "source_hash": null,
            "storage_class": "STANDARD",
            "tags": {},
            "tags_all": {},
            "version_id": "",
            "website_redirect": ""
          },
          "sensitive_attributes": [],
          "private": "bnVsbA==",
          "dependencies": [
            "aws_s3_bucket.priya-resume-bucket"
          ]
        },
        {
          "index_key": "assets/vendor/bootstrap/css/bootstrap-utilities.min.css",
          "schema_version": 0,
          "attributes": {
            "acl": "private",
            "bucket": "priya-resume-bucket",
            "bucket_key_enabled": false,
            "cache_control": "",
            "content": null,
            "content_base64": null,
            "content_disposition": "",
            "content_encoding": "",
            "content_language": "",
            "content_type": "binary/octet-stream",
            "etag": "219aaff98df869eb410f1389923418cc",
            "force_destroy": false,
            "id": "assets/vendor/bootstrap/css/bootstrap-utilities.min.css",
            "key": "assets/vendor/bootstrap/css/bootstrap-utilities.min.css",
            "kms_key_id": null,
            "metadata": {},
            "object_lock_legal_hold_status": "",
            "object_lock_mode": "",
            "object_lock_retain_until_date": "",
            "server_side_encryption": "AES256",
            "source": "../MyPortfolio/index.html",
            "source_hash": null,
            "storage_class": "STANDARD",
            "tags": {},
            "tags_all": {},
            "version_id": "",
            "website_redirect": ""
          },
          "sensitive_attributes": [],
          "private": "bnVsbA==",
          "dependencies": [
            "aws_s3_bucket.priya-resume-bucket"
          ]
        },
        {
          "index_key": "assets/vendor/bootstrap/css/bootstrap-utilities.min.css.map",
          "schema_version": 0,
          "attributes": {
            "acl": "private",
            "bucket": "priya-resume-bucket",
            "bucket_key_enabled": false,
            "cache_control": "",
            "content": null,
            "content_base64": null,
            "content_disposition": "",
            "content_encoding": "",
            "content_language": "",
            "content_type": "binary/octet-stream",
            "etag": "219aaff98df869eb410f1389923418cc",
            "force_destroy": false,
            "id": "assets/vendor/bootstrap/css/bootstrap-utilities.min.css.map",
            "key": "assets/vendor/bootstrap/css/bootstrap-utilities.min.css.map",
            "kms_key_id": null,
            "metadata": {},
            "object_lock_legal_hold_status": "",
            "object_lock_mode": "",
            "object_lock_retain_until_date": "",
            "server_side_encryption": "AES256",
            "source": "../MyPortfolio/index.html",
            "source_hash": null,
            "storage_class": "STANDARD",
            "tags": {},
            "tags_all": {},
            "version_id": "",
            "website_redirect": ""
          },
          "sensitive_attributes": [],
          "private": "bnVsbA==",
          "dependencies": [
            "aws_s3_bucket.priya-resume-bucket"
          ]
        },
        {
          "index_key": "assets/vendor/bootstrap/css/bootstrap-utilities.rtl.css",
          "schema_version": 0,
          "attributes": {
            "acl": "private",
            "bucket": "priya-resume-bucket",
            "bucket_key_enabled": false,
            "cache_control": "",
            "content": null,
            "content_base64": null,
            "content_disposition": "",
            "content_encoding": "",
            "content_language": "",
            "content_type": "binary/octet-stream",
            "etag": "219aaff98df869eb410f1389923418cc",
            "force_destroy": false,
            "id": "assets/vendor/bootstrap/css/bootstrap-utilities.rtl.css",
            "key": "assets/vendor/bootstrap/css/bootstrap-utilities.rtl.css",
            "kms_key_id": null,
            "metadata": {},
            "object_lock_legal_hold_status": "",
            "object_lock_mode": "",
            "object_lock_retain_until_date": "",
            "server_side_encryption": "AES256",
            "source": "../MyPortfolio/index.html",
            "source_hash": null,
            "storage_class": "STANDARD",
            "tags": {},
            "tags_all": {},
            "version_id": "",
            "website_redirect": ""
          },
          "sensitive_attributes": [],
          "private": "bnVsbA==",
          "dependencies": [
            "aws_s3_bucket.priya-resume-bucket"
          ]
        },
        {
          "index_key": "assets/vendor/bootstrap/css/bootstrap-utilities.rtl.css.map",
          "schema_version": 0,
          "attributes": {
            "acl": "private",
            "bucket": "priya-resume-bucket",
            "bucket_key_enabled": false,
            "cache_control": "",
            "content": null,
            "content_base64": null,
            "content_disposition": "",
            "content_encoding": "",
            "content_language": "",
            "content_type": "binary/octet-stream",
            "etag": "219aaff98df869eb410f1389923418cc",
            "force_destroy": false,
            "id": "assets/vendor/bootstrap/css/bootstrap-utilities.rtl.css.map",
            "key": "assets/vendor/bootstrap/css/bootstrap-utilities.rtl.css.map",
            "kms_key_id": null,
            "metadata": {},
            "object_lock_legal_hold_status": "",
            "object_lock_mode": "",
            "object_lock_retain_until_date": "",
            "server_side_encryption": "AES256",
            "source": "../MyPortfolio/index.html",
            "source_hash": null,
            "storage_class": "STANDARD",
            "tags": {},
            "tags_all": {},
            "version_id": "",
            "website_redirect": ""
          },
          "sensitive_attributes": [],
          "private": "bnVsbA==",
          "dependencies": [
            "aws_s3_bucket.priya-resume-bucket"
          ]
        },
        {
          "index_key": "assets/vendor/bootstrap/css/bootstrap-utilities.rtl.min.css",
          "schema_version": 0,
          "attributes": {
            "acl": "private",
            "bucket": "priya-resume-bucket",
            "bucket_key_enabled": false,
            "cache_control": "",
            "content": null,
            "content_base64": null,
            "content_disposition": "",
            "content_encoding": "",
            "content_language": "",
            "content_type": "binary/octet-stream",
            "etag": "219aaff98df869eb410f1389923418cc",
            "force_destroy": false,
            "id": "assets/vendor/bootstrap/css/bootstrap-utilities.rtl.min.css",
            "key": "assets/vendor/bootstrap/css/bootstrap-utilities.rtl.min.css",
            "kms_key_id": null,
            "metadata": {},
            "object_lock_legal_hold_status": "",
            "object_lock_mode": "",
            "object_lock_retain_until_date": "",
            "server_side_encryption": "AES256",
            "source": "../MyPortfolio/index.html",
            "source_hash": null,
            "storage_class": "STANDARD",
            "tags": {},
            "tags_all": {},
            "version_id": "",
            "website_redirect": ""
          },
          "sensitive_attributes": [],
          "private": "bnVsbA==",
          "dependencies": [
            "aws_s3_bucket.priya-resume-bucket"
          ]
        },
        {
          "index_key": "assets/vendor/bootstrap/css/bootstrap-utilities.rtl.min.css.map",
          "schema_version": 0,
          "attributes": {
            "acl": "private",
            "bucket": "priya-resume-bucket",
            "bucket_key_enabled": false,
            "cache_control": "",
            "content": null,
            "content_base64": null,
            "content_disposition": "",
            "content_encoding": "",
            "content_language": "",
            "content_type": "binary/octet-stream",
            "etag": "219aaff98df869eb410f1389923418cc",
            "force_destroy": false,
            "id": "assets/vendor/bootstrap/css/bootstrap-utilities.rtl.min.css.map",
            "key": "assets/vendor/bootstrap/css/bootstrap-utilities.rtl.min.css.map",
            "kms_key_id": null,
            "metadata": {},
            "object_lock_legal_hold_status": "",
            "object_lock_mode": "",
            "object_lock_retain_until_date": "",
            "server_side_encryption": "AES256",
            "source": "../MyPortfolio/index.html",
            "source_hash": null,
            "storage_class": "STANDARD",
            "tags": {},
            "tags_all": {},
            "version_id": "",
            "website_redirect": ""
          },
          "sensitive_attributes": [],
          "private": "bnVsbA==",
          "dependencies": [
            "aws_s3_bucket.priya-resume-bucket"
          ]
        },
        {
          "index_key": "assets/vendor/bootstrap/css/bootstrap.css",
          "schema_version": 0,
          "attributes": {
            "acl": "private",
            "bucket": "priya-resume-bucket",
            "bucket_key_enabled": false,
            "cache_control": "",
            "content": null,
            "content_base64": null,
            "content_disposition": "",
            "content_encoding": "",
            "content_language": "",
            "content_type": "binary/octet-stream",
            "etag": "219aaff98df869eb410f1389923418cc",
            "force_destroy": false,
            "id": "assets/vendor/bootstrap/css/bootstrap.css",
            "key": "assets/vendor/bootstrap/css/bootstrap.css",
            "kms_key_id": null,
            "metadata": {},
            "object_lock_legal_hold_status": "",
            "object_lock_mode": "",
            "object_lock_retain_until_date": "",
            "server_side_encryption": "AES256",
            "source": "../MyPortfolio/index.html",
            "source_hash": null,
            "storage_class": "STANDARD",
            "tags": {},
            "tags_all": {},
            "version_id": "",
            "website_redirect": ""
          },
          "sensitive_attributes": [],
          "private": "bnVsbA==",
          "dependencies": [
            "aws_s3_bucket.priya-resume-bucket"
          ]
        },
        {
          "index_key": "assets/vendor/bootstrap/css/bootstrap.css.map",
          "schema_version": 0,
          "attributes": {
            "acl": "private",
            "bucket": "priya-resume-bucket",
            "bucket_key_enabled": false,
            "cache_control": "",
            "content": null,
            "content_base64": null,
            "content_disposition": "",
            "content_encoding": "",
            "content_language": "",
            "content_type": "binary/octet-stream",
            "etag": "219aaff98df869eb410f1389923418cc",
            "force_destroy": false,
            "id": "assets/vendor/bootstrap/css/bootstrap.css.map",
            "key": "assets/vendor/bootstrap/css/bootstrap.css.map",
            "kms_key_id": null,
            "metadata": {},
            "object_lock_legal_hold_status": "",
            "object_lock_mode": "",
            "object_lock_retain_until_date": "",
            "server_side_encryption": "AES256",
            "source": "../MyPortfolio/index.html",
            "source_hash": null,
            "storage_class": "STANDARD",
            "tags": {},
            "tags_all": {},
            "version_id": "",
            "website_redirect": ""
          },
          "sensitive_attributes": [],
          "private": "bnVsbA==",
          "dependencies": [
            "aws_s3_bucket.priya-resume-bucket"
          ]
        },
        {
          "index_key": "assets/vendor/bootstrap/css/bootstrap.min.css",
          "schema_version": 0,
          "attributes": {
            "acl": "private",
            "bucket": "priya-resume-bucket",
            "bucket_key_enabled": false,
            "cache_control": "",
            "content": null,
            "content_base64": null,
            "content_disposition": "",
            "content_encoding": "",
            "content_language": "",
            "content_type": "binary/octet-stream",
            "etag": "219aaff98df869eb410f1389923418cc",
            "force_destroy": false,
            "id": "assets/vendor/bootstrap/css/bootstrap.min.css",
            "key": "assets/vendor/bootstrap/css/bootstrap.min.css",
            "kms_key_id": null,
            "metadata": {},
            "object_lock_legal_hold_status": "",
            "object_lock_mode": "",
            "object_lock_retain_until_date": "",
            "server_side_encryption": "AES256",
            "source": "../MyPortfolio/index.html",
            "source_hash": null,
            "storage_class": "STANDARD",
            "tags": {},
            "tags_all": {},
            "version_id": "",
            "website_redirect": ""
          },
          "sensitive_attributes": [],
          "private": "bnVsbA==",
          "dependencies": [
            "aws_s3_bucket.priya-resume-bucket"
          ]
        },
        {
          "index_key": "assets/vendor/bootstrap/css/bootstrap.min.css.map",
          "schema_version": 0,
          "attributes": {
            "acl": "private",
            "bucket": "priya-resume-bucket",
            "bucket_key_enabled": false,
            "cache_control": "",
            "content": null,
            "content_base64": null,
            "content_disposition": "",
            "content_encoding": "",
            "content_language": "",
            "content_type": "binary/octet-stream",
            "etag": "219aaff98df869eb410f1389923418cc",
            "force_destroy": false,
            "id": "assets/vendor/bootstrap/css/bootstrap.min.css.map",
            "key": "assets/vendor/bootstrap/css/bootstrap.min.css.map",
            "kms_key_id": null,
            "metadata": {},
            "object_lock_legal_hold_status": "",
            "object_lock_mode": "",
            "object_lock_retain_until_date": "",
            "server_side_encryption": "AES256",
            "source": "../MyPortfolio/index.html",
            "source_hash": null,
            "storage_class": "STANDARD",
            "tags": {},
            "tags_all": {},
            "version_id": "",
            "website_redirect": ""
          },
          "sensitive_attributes": [],
          "private": "bnVsbA==",
          "dependencies": [
            "aws_s3_bucket.priya-resume-bucket"
          ]
        },
        {
          "index_key": "assets/vendor/bootstrap/css/bootstrap.rtl.css",
          "schema_version": 0,
          "attributes": {
            "acl": "private",
            "bucket": "priya-resume-bucket",
            "bucket_key_enabled": false,
            "cache_control": "",
            "content": null,
            "content_base64": null,
            "content_disposition": "",
            "content_encoding": "",
            "content_language": "",
            "content_type": "binary/octet-stream",
            "etag": "219aaff98df869eb410f1389923418cc",
            "force_destroy": false,
            "id": "assets/vendor/bootstrap/css/bootstrap.rtl.css",
            "key": "assets/vendor/bootstrap/css/bootstrap.rtl.css",
            "kms_key_id": null,
            "metadata": {},
            "object_lock_legal_hold_status": "",
            "object_lock_mode": "",
            "object_lock_retain_until_date": "",
            "server_side_encryption": "AES256",
            "source": "../MyPortfolio/index.html",
            "source_hash": null,
            "storage_class": "STANDARD",
            "tags": {},
            "tags_all": {},
            "version_id": "",
            "website_redirect": ""
          },
          "sensitive_attributes": [],
          "private": "bnVsbA==",
          "dependencies": [
            "aws_s3_bucket.priya-resume-bucket"
          ]
        },
        {
          "index_key": "assets/vendor/bootstrap/css/bootstrap.rtl.css.map",
          "schema_version": 0,
          "attributes": {
            "acl": "private",
            "bucket": "priya-resume-bucket",
            "bucket_key_enabled": false,
            "cache_control": "",
            "content": null,
            "content_base64": null,
            "content_disposition": "",
            "content_encoding": "",
            "content_language": "",
            "content_type": "binary/octet-stream",
            "etag": "219aaff98df869eb410f1389923418cc",
            "force_destroy": false,
            "id": "assets/vendor/bootstrap/css/bootstrap.rtl.css.map",
            "key": "assets/vendor/bootstrap/css/bootstrap.rtl.css.map",
            "kms_key_id": null,
            "metadata": {},
            "object_lock_legal_hold_status": "",
            "object_lock_mode": "",
            "object_lock_retain_until_date": "",
            "server_side_encryption": "AES256",
            "source": "../MyPortfolio/index.html",
            "source_hash": null,
            "storage_class": "STANDARD",
            "tags": {},
            "tags_all": {},
            "version_id": "",
            "website_redirect": ""
          },
          "sensitive_attributes": [],
          "private": "bnVsbA==",
          "dependencies": [
            "aws_s3_bucket.priya-resume-bucket"
          ]
        },
        {
          "index_key": "assets/vendor/bootstrap/css/bootstrap.rtl.min.css",
          "schema_version": 0,
          "attributes": {
            "acl": "private",
            "bucket": "priya-resume-bucket",
            "bucket_key_enabled": false,
            "cache_control": "",
            "content": null,
            "content_base64": null,
            "content_disposition": "",
            "content_encoding": "",
            "content_language": "",
            "content_type": "binary/octet-stream",
            "etag": "219aaff98df869eb410f1389923418cc",
            "force_destroy": false,
            "id": "assets/vendor/bootstrap/css/bootstrap.rtl.min.css",
            "key": "assets/vendor/bootstrap/css/bootstrap.rtl.min.css",
            "kms_key_id": null,
            "metadata": {},
            "object_lock_legal_hold_status": "",
            "object_lock_mode": "",
            "object_lock_retain_until_date": "",
            "server_side_encryption": "AES256",
            "source": "../MyPortfolio/index.html",
            "source_hash": null,
            "storage_class": "STANDARD",
            "tags": {},
            "tags_all": {},
            "version_id": "",
            "website_redirect": ""
          },
          "sensitive_attributes": [],
          "private": "bnVsbA==",
          "dependencies": [
            "aws_s3_bucket.priya-resume-bucket"
          ]
        },
        {
          "index_key": "assets/vendor/bootstrap/css/bootstrap.rtl.min.css.map",
          "schema_version": 0,
          "attributes": {
            "acl": "private",
            "bucket": "priya-resume-bucket",
            "bucket_key_enabled": false,
            "cache_control": "",
            "content": null,
            "content_base64": null,
            "content_disposition": "",
            "content_encoding": "",
            "content_language": "",
            "content_type": "binary/octet-stream",
            "etag": "219aaff98df869eb410f1389923418cc",
            "force_destroy": false,
            "id": "assets/vendor/bootstrap/css/bootstrap.rtl.min.css.map",
            "key": "assets/vendor/bootstrap/css/bootstrap.rtl.min.css.map",
            "kms_key_id": null,
            "metadata": {},
            "object_lock_legal_hold_status": "",
            "object_lock_mode": "",
            "object_lock_retain_until_date": "",
            "server_side_encryption": "AES256",
            "source": "../MyPortfolio/index.html",
            "source_hash": null,
            "storage_class": "STANDARD",
            "tags": {},
            "tags_all": {},
            "version_id": "",
            "website_redirect": ""
          },
          "sensitive_attributes": [],
          "private": "bnVsbA==",
          "dependencies": [
            "aws_s3_bucket.priya-resume-bucket"
          ]
        },
        {
          "index_key": "assets/vendor/bootstrap/js/bootstrap.bundle.js",
          "schema_version": 0,
          "attributes": {
            "acl": "private",
            "bucket": "priya-resume-bucket",
            "bucket_key_enabled": false,
            "cache_control": "",
            "content": null,
            "content_base64": null,
            "content_disposition": "",
            "content_encoding": "",
            "content_language": "",
            "content_type": "binary/octet-stream",
            "etag": "219aaff98df869eb410f1389923418cc",
            "force_destroy": false,
            "id": "assets/vendor/bootstrap/js/bootstrap.bundle.js",
            "key": "assets/vendor/bootstrap/js/bootstrap.bundle.js",
            "kms_key_id": null,
            "metadata": {},
            "object_lock_legal_hold_status": "",
            "object_lock_mode": "",
            "object_lock_retain_until_date": "",
            "server_side_encryption": "AES256",
            "source": "../MyPortfolio/index.html",
            "source_hash": null,
            "storage_class": "STANDARD",
            "tags": {},
            "tags_all": {},
            "version_id": "",
            "website_redirect": ""
          },
          "sensitive_attributes": [],
          "private": "bnVsbA==",
          "dependencies": [
            "aws_s3_bucket.priya-resume-bucket"
          ]
        },
        {
          "index_key": "assets/vendor/bootstrap/js/bootstrap.bundle.js.map",
          "schema_version": 0,
          "attributes": {
            "acl": "private",
            "bucket": "priya-resume-bucket",
            "bucket_key_enabled": false,
            "cache_control": "",
            "content": null,
            "content_base64": null,
            "content_disposition": "",
            "content_encoding": "",
            "content_language": "",
            "content_type": "binary/octet-stream",
            "etag": "219aaff98df869eb410f1389923418cc",
            "force_destroy": false,
            "id": "assets/vendor/bootstrap/js/bootstrap.bundle.js.map",
            "key": "assets/vendor/bootstrap/js/bootstrap.bundle.js.map",
            "kms_key_id": null,
            "metadata": {},
            "object_lock_legal_hold_status": "",
            "object_lock_mode": "",
            "object_lock_retain_until_date": "",
            "server_side_encryption": "AES256",
            "source": "../MyPortfolio/index.html",
            "source_hash": null,
            "storage_class": "STANDARD",
            "tags": {},
            "tags_all": {},
            "version_id": "",
            "website_redirect": ""
          },
          "sensitive_attributes": [],
          "private": "bnVsbA==",
          "dependencies": [
            "aws_s3_bucket.priya-resume-bucket"
          ]
        },
        {
          "index_key": "assets/vendor/bootstrap/js/bootstrap.bundle.min.js",
          "schema_version": 0,
          "attributes": {
            "acl": "private",
            "bucket": "priya-resume-bucket",
            "bucket_key_enabled": false,
            "cache_control": "",
            "content": null,
            "content_base64": null,
            "content_disposition": "",
            "content_encoding": "",
            "content_language": "",
            "content_type": "binary/octet-stream",
            "etag": "219aaff98df869eb410f1389923418cc",
            "force_destroy": false,
            "id": "assets/vendor/bootstrap/js/bootstrap.bundle.min.js",
            "key": "assets/vendor/bootstrap/js/bootstrap.bundle.min.js",
            "kms_key_id": null,
            "metadata": {},
            "object_lock_legal_hold_status": "",
            "object_lock_mode": "",
            "object_lock_retain_until_date": "",
            "server_side_encryption": "AES256",
            "source": "../MyPortfolio/index.html",
            "source_hash": null,
            "storage_class": "STANDARD",
            "tags": {},
            "tags_all": {},
            "version_id": "",
            "website_redirect": ""
          },
          "sensitive_attributes": [],
          "private": "bnVsbA==",
          "dependencies": [
            "aws_s3_bucket.priya-resume-bucket"
          ]
        },
        {
          "index_key": "assets/vendor/bootstrap/js/bootstrap.bundle.min.js.map",
          "schema_version": 0,
          "attributes": {
            "acl": "private",
            "bucket": "priya-resume-bucket",
            "bucket_key_enabled": false,
            "cache_control": "",
            "content": null,
            "content_base64": null,
            "content_disposition": "",
            "content_encoding": "",
            "content_language": "",
            "content_type": "binary/octet-stream",
            "etag": "219aaff98df869eb410f1389923418cc",
            "force_destroy": false,
            "id": "assets/vendor/bootstrap/js/bootstrap.bundle.min.js.map",
            "key": "assets/vendor/bootstrap/js/bootstrap.bundle.min.js.map",
            "kms_key_id": null,
            "metadata": {},
            "object_lock_legal_hold_status": "",
            "object_lock_mode": "",
            "object_lock_retain_until_date": "",
            "server_side_encryption": "AES256",
            "source": "../MyPortfolio/index.html",
            "source_hash": null,
            "storage_class": "STANDARD",
            "tags": {},
            "tags_all": {},
            "version_id": "",
            "website_redirect": ""
          },
          "sensitive_attributes": [],
          "private": "bnVsbA==",
          "dependencies": [
            "aws_s3_bucket.priya-resume-bucket"
          ]
        },
        {
          "index_key": "assets/vendor/bootstrap/js/bootstrap.esm.js",
          "schema_version": 0,
          "attributes": {
            "acl": "private",
            "bucket": "priya-resume-bucket",
            "bucket_key_enabled": false,
            "cache_control": "",
            "content": null,
            "content_base64": null,
            "content_disposition": "",
            "content_encoding": "",
            "content_language": "",
            "content_type": "binary/octet-stream",
            "etag": "219aaff98df869eb410f1389923418cc",
            "force_destroy": false,
            "id": "assets/vendor/bootstrap/js/bootstrap.esm.js",
            "key": "assets/vendor/bootstrap/js/bootstrap.esm.js",
            "kms_key_id": null,
            "metadata": {},
            "object_lock_legal_hold_status": "",
            "object_lock_mode": "",
            "object_lock_retain_until_date": "",
            "server_side_encryption": "AES256",
            "source": "../MyPortfolio/index.html",
            "source_hash": null,
            "storage_class": "STANDARD",
            "tags": {},
            "tags_all": {},
            "version_id": "",
            "website_redirect": ""
          },
          "sensitive_attributes": [],
          "private": "bnVsbA==",
          "dependencies": [
            "aws_s3_bucket.priya-resume-bucket"
          ]
        },
        {
          "index_key": "assets/vendor/bootstrap/js/bootstrap.esm.js.map",
          "schema_version": 0,
          "attributes": {
            "acl": "private",
            "bucket": "priya-resume-bucket",
            "bucket_key_enabled": false,
            "cache_control": "",
            "content": null,
            "content_base64": null,
            "content_disposition": "",
            "content_encoding": "",
            "content_language": "",
            "content_type": "binary/octet-stream",
            "etag": "219aaff98df869eb410f1389923418cc",
            "force_destroy": false,
            "id": "assets/vendor/bootstrap/js/bootstrap.esm.js.map",
            "key": "assets/vendor/bootstrap/js/bootstrap.esm.js.map",
            "kms_key_id": null,
            "metadata": {},
            "object_lock_legal_hold_status": "",
            "object_lock_mode": "",
            "object_lock_retain_until_date": "",
            "server_side_encryption": "AES256",
            "source": "../MyPortfolio/index.html",
            "source_hash": null,
            "storage_class": "STANDARD",
            "tags": {},
            "tags_all": {},
            "version_id": "",
            "website_redirect": ""
          },
          "sensitive_attributes": [],
          "private": "bnVsbA==",
          "dependencies": [
            "aws_s3_bucket.priya-resume-bucket"
          ]
        },
        {
          "index_key": "assets/vendor/bootstrap/js/bootstrap.esm.min.js",
          "schema_version": 0,
          "attributes": {
            "acl": "private",
            "bucket": "priya-resume-bucket",
            "bucket_key_enabled": false,
            "cache_control": "",
            "content": null,
            "content_base64": null,
            "content_disposition": "",
            "content_encoding": "",
            "content_language": "",
            "content_type": "binary/octet-stream",
            "etag": "219aaff98df869eb410f1389923418cc",
            "force_destroy": false,
            "id": "assets/vendor/bootstrap/js/bootstrap.esm.min.js",
            "key": "assets/vendor/bootstrap/js/bootstrap.esm.min.js",
            "kms_key_id": null,
            "metadata": {},
            "object_lock_legal_hold_status": "",
            "object_lock_mode": "",
            "object_lock_retain_until_date": "",
            "server_side_encryption": "AES256",
            "source": "../MyPortfolio/index.html",
            "source_hash": null,
            "storage_class": "STANDARD",
            "tags": {},
            "tags_all": {},
            "version_id": "",
            "website_redirect": ""
          },
          "sensitive_attributes": [],
          "private": "bnVsbA==",
          "dependencies": [
            "aws_s3_bucket.priya-resume-bucket"
          ]
        },
        {
          "index_key": "assets/vendor/bootstrap/js/bootstrap.esm.min.js.map",
          "schema_version": 0,
          "attributes": {
            "acl": "private",
            "bucket": "priya-resume-bucket",
            "bucket_key_enabled": false,
            "cache_control": "",
            "content": null,
            "content_base64": null,
            "content_disposition": "",
            "content_encoding": "",
            "content_language": "",
            "content_type": "binary/octet-stream",
            "etag": "219aaff98df869eb410f1389923418cc",
            "force_destroy": false,
            "id": "assets/vendor/bootstrap/js/bootstrap.esm.min.js.map",
            "key": "assets/vendor/bootstrap/js/bootstrap.esm.min.js.map",
            "kms_key_id": null,
            "metadata": {},
            "object_lock_legal_hold_status": "",
            "object_lock_mode": "",
            "object_lock_retain_until_date": "",
            "server_side_encryption": "AES256",
            "source": "../MyPortfolio/index.html",
            "source_hash": null,
            "storage_class": "STANDARD",
            "tags": {},
            "tags_all": {},
            "version_id": "",
            "website_redirect": ""
          },
          "sensitive_attributes": [],
          "private": "bnVsbA==",
          "dependencies": [
            "aws_s3_bucket.priya-resume-bucket"
          ]
        },
        {
          "index_key": "assets/vendor/bootstrap/js/bootstrap.js",
          "schema_version": 0,
          "attributes": {
            "acl": "private",
            "bucket": "priya-resume-bucket",
            "bucket_key_enabled": false,
            "cache_control": "",
            "content": null,
            "content_base64": null,
            "content_disposition": "",
            "content_encoding": "",
            "content_language": "",
            "content_type": "binary/octet-stream",
            "etag": "219aaff98df869eb410f1389923418cc",
            "force_destroy": false,
            "id": "assets/vendor/bootstrap/js/bootstrap.js",
            "key": "assets/vendor/bootstrap/js/bootstrap.js",
            "kms_key_id": null,
            "metadata": {},
            "object_lock_legal_hold_status": "",
            "object_lock_mode": "",
            "object_lock_retain_until_date": "",
            "server_side_encryption": "AES256",
            "source": "../MyPortfolio/index.html",
            "source_hash": null,
            "storage_class": "STANDARD",
            "tags": {},
            "tags_all": {},
            "version_id": "",
            "website_redirect": ""
          },
          "sensitive_attributes": [],
          "private": "bnVsbA==",
          "dependencies": [
            "aws_s3_bucket.priya-resume-bucket"
          ]
        },
        {
          "index_key": "assets/vendor/bootstrap/js/bootstrap.js.map",
          "schema_version": 0,
          "attributes": {
            "acl": "private",
            "bucket": "priya-resume-bucket",
            "bucket_key_enabled": false,
            "cache_control": "",
            "content": null,
            "content_base64": null,
            "content_disposition": "",
            "content_encoding": "",
            "content_language": "",
            "content_type": "binary/octet-stream",
            "etag": "219aaff98df869eb410f1389923418cc",
            "force_destroy": false,
            "id": "assets/vendor/bootstrap/js/bootstrap.js.map",
            "key": "assets/vendor/bootstrap/js/bootstrap.js.map",
            "kms_key_id": null,
            "metadata": {},
            "object_lock_legal_hold_status": "",
            "object_lock_mode": "",
            "object_lock_retain_until_date": "",
            "server_side_encryption": "AES256",
            "source": "../MyPortfolio/index.html",
            "source_hash": null,
            "storage_class": "STANDARD",
            "tags": {},
            "tags_all": {},
            "version_id": "",
            "website_redirect": ""
          },
          "sensitive_attributes": [],
          "private": "bnVsbA==",
          "dependencies": [
            "aws_s3_bucket.priya-resume-bucket"
          ]
        },
        {
          "index_key": "assets/vendor/bootstrap/js/bootstrap.min.js",
          "schema_version": 0,
          "attributes": {
            "acl": "private",
            "bucket": "priya-resume-bucket",
            "bucket_key_enabled": false,
            "cache_control": "",
            "content": null,
            "content_base64": null,
            "content_disposition": "",
            "content_encoding": "",
            "content_language": "",
            "content_type": "binary/octet-stream",
            "etag": "219aaff98df869eb410f1389923418cc",
            "force_destroy": false,
            "id": "assets/vendor/bootstrap/js/bootstrap.min.js",
            "key": "assets/vendor/bootstrap/js/bootstrap.min.js",
            "kms_key_id": null,
            "metadata": {},
            "object_lock_legal_hold_status": "",
            "object_lock_mode": "",
            "object_lock_retain_until_date": "",
            "server_side_encryption": "AES256",
            "source": "../MyPortfolio/index.html",
            "source_hash": null,
            "storage_class": "STANDARD",
            "tags": {},
            "tags_all": {},
            "version_id": "",
            "website_redirect": ""
          },
          "sensitive_attributes": [],
          "private": "bnVsbA==",
          "dependencies": [
            "aws_s3_bucket.priya-resume-bucket"
          ]
        },
        {
          "index_key": "assets/vendor/bootstrap/js/bootstrap.min.js.map",
          "schema_version": 0,
          "attributes": {
            "acl": "private",
            "bucket": "priya-resume-bucket",
            "bucket_key_enabled": false,
            "cache_control": "",
            "content": null,
            "content_base64": null,
            "content_disposition": "",
            "content_encoding": "",
            "content_language": "",
            "content_type": "binary/octet-stream",
            "etag": "219aaff98df869eb410f1389923418cc",
            "force_destroy": false,
            "id": "assets/vendor/bootstrap/js/bootstrap.min.js.map",
            "key": "assets/vendor/bootstrap/js/bootstrap.min.js.map",
            "kms_key_id": null,
            "metadata": {},
            "object_lock_legal_hold_status": "",
            "object_lock_mode": "",
            "object_lock_retain_until_date": "",
            "server_side_encryption": "AES256",
            "source": "../MyPortfolio/index.html",
            "source_hash": null,
            "storage_class": "STANDARD",
            "tags": {},
            "tags_all": {},
            "version_id": "",
            "website_redirect": ""
          },
          "sensitive_attributes": [],
          "private": "bnVsbA==",
          "dependencies": [
            "aws_s3_bucket.priya-resume-bucket"
          ]
        },
        {
          "index_key": "assets/vendor/boxicons/css/animations.css",
          "schema_version": 0,
          "attributes": {
            "acl": "private",
            "bucket": "priya-resume-bucket",
            "bucket_key_enabled": false,
            "cache_control": "",
            "content": null,
            "content_base64": null,
            "content_disposition": "",
            "content_encoding": "",
            "content_language": "",
            "content_type": "binary/octet-stream",
            "etag": "219aaff98df869eb410f1389923418cc",
            "force_destroy": false,
            "id": "assets/vendor/boxicons/css/animations.css",
            "key": "assets/vendor/boxicons/css/animations.css",
            "kms_key_id": null,
            "metadata": {},
            "object_lock_legal_hold_status": "",
            "object_lock_mode": "",
            "object_lock_retain_until_date": "",
            "server_side_encryption": "AES256",
            "source": "../MyPortfolio/index.html",
            "source_hash": null,
            "storage_class": "STANDARD",
            "tags": {},
            "tags_all": {},
            "version_id": "",
            "website_redirect": ""
          },
          "sensitive_attributes": [],
          "private": "bnVsbA==",
          "dependencies": [
            "aws_s3_bucket.priya-resume-bucket"
          ]
        },
        {
          "index_key": "assets/vendor/boxicons/css/boxicons.css",
          "schema_version": 0,
          "attributes": {
            "acl": "private",
            "bucket": "priya-resume-bucket",
            "bucket_key_enabled": false,
            "cache_control": "",
            "content": null,
            "content_base64": null,
            "content_disposition": "",
            "content_encoding": "",
            "content_language": "",
            "content_type": "binary/octet-stream",
            "etag": "219aaff98df869eb410f1389923418cc",
            "force_destroy": false,
            "id": "assets/vendor/boxicons/css/boxicons.css",
            "key": "assets/vendor/boxicons/css/boxicons.css",
            "kms_key_id": null,
            "metadata": {},
            "object_lock_legal_hold_status": "",
            "object_lock_mode": "",
            "object_lock_retain_until_date": "",
            "server_side_encryption": "AES256",
            "source": "../MyPortfolio/index.html",
            "source_hash": null,
            "storage_class": "STANDARD",
            "tags": {},
            "tags_all": {},
            "version_id": "",
            "website_redirect": ""
          },
          "sensitive_attributes": [],
          "private": "bnVsbA==",
          "dependencies": [
            "aws_s3_bucket.priya-resume-bucket"
          ]
        },
        {
          "index_key": "assets/vendor/boxicons/css/boxicons.min.css",
          "schema_version": 0,
          "attributes": {
            "acl": "private",
            "bucket": "priya-resume-bucket",
            "bucket_key_enabled": false,
            "cache_control": "",
            "content": null,
            "content_base64": null,
            "content_disposition": "",
            "content_encoding": "",
            "content_language": "",
            "content_type": "binary/octet-stream",
            "etag": "219aaff98df869eb410f1389923418cc",
            "force_destroy": false,
            "id": "assets/vendor/boxicons/css/boxicons.min.css",
            "key": "assets/vendor/boxicons/css/boxicons.min.css",
            "kms_key_id": null,
            "metadata": {},
            "object_lock_legal_hold_status": "",
            "object_lock_mode": "",
            "object_lock_retain_until_date": "",
            "server_side_encryption": "AES256",
            "source": "../MyPortfolio/index.html",
            "source_hash": null,
            "storage_class": "STANDARD",
            "tags": {},
            "tags_all": {},
            "version_id": "",
            "website_redirect": ""
          },
          "sensitive_attributes": [],
          "private": "bnVsbA==",
          "dependencies": [
            "aws_s3_bucket.priya-resume-bucket"
          ]
        },
        {
          "index_key": "assets/vendor/boxicons/css/transformations.css",
          "schema_version": 0,
          "attributes": {
            "acl": "private",
            "bucket": "priya-resume-bucket",
            "bucket_key_enabled": false,
            "cache_control": "",
            "content": null,
            "content_base64": null,
            "content_disposition": "",
            "content_encoding": "",
            "content_language": "",
            "content_type": "binary/octet-stream",
            "etag": "219aaff98df869eb410f1389923418cc",
            "force_destroy": false,
            "id": "assets/vendor/boxicons/css/transformations.css",
            "key": "assets/vendor/boxicons/css/transformations.css",
            "kms_key_id": null,
            "metadata": {},
            "object_lock_legal_hold_status": "",
            "object_lock_mode": "",
            "object_lock_retain_until_date": "",
            "server_side_encryption": "AES256",
            "source": "../MyPortfolio/index.html",
            "source_hash": null,
            "storage_class": "STANDARD",
            "tags": {},
            "tags_all": {},
            "version_id": "",
            "website_redirect": ""
          },
          "sensitive_attributes": [],
          "private": "bnVsbA==",
          "dependencies": [
            "aws_s3_bucket.priya-resume-bucket"
          ]
        },
        {
          "index_key": "assets/vendor/boxicons/fonts/boxicons.eot",
          "schema_version": 0,
          "attributes": {
            "acl": "private",
            "bucket": "priya-resume-bucket",
            "bucket_key_enabled": false,
            "cache_control": "",
            "content": null,
            "content_base64": null,
            "content_disposition": "",
            "content_encoding": "",
            "content_language": "",
            "content_type": "binary/octet-stream",
            "etag": "219aaff98df869eb410f1389923418cc",
            "force_destroy": false,
            "id": "assets/vendor/boxicons/fonts/boxicons.eot",
            "key": "assets/vendor/boxicons/fonts/boxicons.eot",
            "kms_key_id": null,
            "metadata": {},
            "object_lock_legal_hold_status": "",
            "object_lock_mode": "",
            "object_lock_retain_until_date": "",
            "server_side_encryption": "AES256",
            "source": "../MyPortfolio/index.html",
            "source_hash": null,
            "storage_class": "STANDARD",
            "tags": {},
            "tags_all": {},
            "version_id": "",
            "website_redirect": ""
          },
          "sensitive_attributes": [],
          "private": "bnVsbA==",
          "dependencies": [
            "aws_s3_bucket.priya-resume-bucket"
          ]
        },
        {
          "index_key": "assets/vendor/boxicons/fonts/boxicons.svg",
          "schema_version": 0,
          "attributes": {
            "acl": "private",
            "bucket": "priya-resume-bucket",
            "bucket_key_enabled": false,
            "cache_control": "",
            "content": null,
            "content_base64": null,
            "content_disposition": "",
            "content_encoding": "",
            "content_language": "",
            "content_type": "binary/octet-stream",
            "etag": "219aaff98df869eb410f1389923418cc",
            "force_destroy": false,
            "id": "assets/vendor/boxicons/fonts/boxicons.svg",
            "key": "assets/vendor/boxicons/fonts/boxicons.svg",
            "kms_key_id": null,
            "metadata": {},
            "object_lock_legal_hold_status": "",
            "object_lock_mode": "",
            "object_lock_retain_until_date": "",
            "server_side_encryption": "AES256",
            "source": "../MyPortfolio/index.html",
            "source_hash": null,
            "storage_class": "STANDARD",
            "tags": {},
            "tags_all": {},
            "version_id": "",
            "website_redirect": ""
          },
          "sensitive_attributes": [],
          "private": "bnVsbA==",
          "dependencies": [
            "aws_s3_bucket.priya-resume-bucket"
          ]
        },
        {
          "index_key": "assets/vendor/boxicons/fonts/boxicons.ttf",
          "schema_version": 0,
          "attributes": {
            "acl": "private",
            "bucket": "priya-resume-bucket",
            "bucket_key_enabled": false,
            "cache_control": "",
            "content": null,
            "content_base64": null,
            "content_disposition": "",
            "content_encoding": "",
            "content_language": "",
            "content_type": "binary/octet-stream",
            "etag": "219aaff98df869eb410f1389923418cc",
            "force_destroy": false,
            "id": "assets/vendor/boxicons/fonts/boxicons.ttf",
            "key": "assets/vendor/boxicons/fonts/boxicons.ttf",
            "kms_key_id": null,
            "metadata": {},
            "object_lock_legal_hold_status": "",
            "object_lock_mode": "",
            "object_lock_retain_until_date": "",
            "server_side_encryption": "AES256",
            "source": "../MyPortfolio/index.html",
            "source_hash": null,
            "storage_class": "STANDARD",
            "tags": {},
            "tags_all": {},
            "version_id": "",
            "website_redirect": ""
          },
          "sensitive_attributes": [],
          "private": "bnVsbA==",
          "dependencies": [
            "aws_s3_bucket.priya-resume-bucket"
          ]
        },
        {
          "index_key": "assets/vendor/boxicons/fonts/boxicons.woff",
          "schema_version": 0,
          "attributes": {
            "acl": "private",
            "bucket": "priya-resume-bucket",
            "bucket_key_enabled": false,
            "cache_control": "",
            "content": null,
            "content_base64": null,
            "content_disposition": "",
            "content_encoding": "",
            "content_language": "",
            "content_type": "binary/octet-stream",
            "etag": "219aaff98df869eb410f1389923418cc",
            "force_destroy": false,
            "id": "assets/vendor/boxicons/fonts/boxicons.woff",
            "key": "assets/vendor/boxicons/fonts/boxicons.woff",
            "kms_key_id": null,
            "metadata": {},
            "object_lock_legal_hold_status": "",
            "object_lock_mode": "",
            "object_lock_retain_until_date": "",
            "server_side_encryption": "AES256",
            "source": "../MyPortfolio/index.html",
            "source_hash": null,
            "storage_class": "STANDARD",
            "tags": {},
            "tags_all": {},
            "version_id": "",
            "website_redirect": ""
          },
          "sensitive_attributes": [],
          "private": "bnVsbA==",
          "dependencies": [
            "aws_s3_bucket.priya-resume-bucket"
          ]
        },
        {
          "index_key": "assets/vendor/boxicons/fonts/boxicons.woff2",
          "schema_version": 0,
          "attributes": {
            "acl": "private",
            "bucket": "priya-resume-bucket",
            "bucket_key_enabled": false,
            "cache_control": "",
            "content": null,
            "content_base64": null,
            "content_disposition": "",
            "content_encoding": "",
            "content_language": "",
            "content_type": "binary/octet-stream",
            "etag": "219aaff98df869eb410f1389923418cc",
            "force_destroy": false,
            "id": "assets/vendor/boxicons/fonts/boxicons.woff2",
            "key": "assets/vendor/boxicons/fonts/boxicons.woff2",
            "kms_key_id": null,
            "metadata": {},
            "object_lock_legal_hold_status": "",
            "object_lock_mode": "",
            "object_lock_retain_until_date": "",
            "server_side_encryption": "AES256",
            "source": "../MyPortfolio/index.html",
            "source_hash": null,
            "storage_class": "STANDARD",
            "tags": {},
            "tags_all": {},
            "version_id": "",
            "website_redirect": ""
          },
          "sensitive_attributes": [],
          "private": "bnVsbA==",
          "dependencies": [
            "aws_s3_bucket.priya-resume-bucket"
          ]
        },
        {
          "index_key": "assets/vendor/glightbox/css/glightbox.css",
          "schema_version": 0,
          "attributes": {
            "acl": "private",
            "bucket": "priya-resume-bucket",
            "bucket_key_enabled": false,
            "cache_control": "",
            "content": null,
            "content_base64": null,
            "content_disposition": "",
            "content_encoding": "",
            "content_language": "",
            "content_type": "binary/octet-stream",
            "etag": "219aaff98df869eb410f1389923418cc",
            "force_destroy": false,
            "id": "assets/vendor/glightbox/css/glightbox.css",
            "key": "assets/vendor/glightbox/css/glightbox.css",
            "kms_key_id": null,
            "metadata": {},
            "object_lock_legal_hold_status": "",
            "object_lock_mode": "",
            "object_lock_retain_until_date": "",
            "server_side_encryption": "AES256",
            "source": "../MyPortfolio/index.html",
            "source_hash": null,
            "storage_class": "STANDARD",
            "tags": {},
            "tags_all": {},
            "version_id": "",
            "website_redirect": ""
          },
          "sensitive_attributes": [],
          "private": "bnVsbA==",
          "dependencies": [
            "aws_s3_bucket.priya-resume-bucket"
          ]
        },
        {
          "index_key": "assets/vendor/glightbox/css/glightbox.min.css",
          "schema_version": 0,
          "attributes": {
            "acl": "private",
            "bucket": "priya-resume-bucket",
            "bucket_key_enabled": false,
            "cache_control": "",
            "content": null,
            "content_base64": null,
            "content_disposition": "",
            "content_encoding": "",
            "content_language": "",
            "content_type": "binary/octet-stream",
            "etag": "219aaff98df869eb410f1389923418cc",
            "force_destroy": false,
            "id": "assets/vendor/glightbox/css/glightbox.min.css",
            "key": "assets/vendor/glightbox/css/glightbox.min.css",
            "kms_key_id": null,
            "metadata": {},
            "object_lock_legal_hold_status": "",
            "object_lock_mode": "",
            "object_lock_retain_until_date": "",
            "server_side_encryption": "AES256",
            "source": "../MyPortfolio/index.html",
            "source_hash": null,
            "storage_class": "STANDARD",
            "tags": {},
            "tags_all": {},
            "version_id": "",
            "website_redirect": ""
          },
          "sensitive_attributes": [],
          "private": "bnVsbA==",
          "dependencies": [
            "aws_s3_bucket.priya-resume-bucket"
          ]
        },
        {
          "index_key": "assets/vendor/glightbox/css/plyr.css",
          "schema_version": 0,
          "attributes": {
            "acl": "private",
            "bucket": "priya-resume-bucket",
            "bucket_key_enabled": false,
            "cache_control": "",
            "content": null,
            "content_base64": null,
            "content_disposition": "",
            "content_encoding": "",
            "content_language": "",
            "content_type": "binary/octet-stream",
            "etag": "219aaff98df869eb410f1389923418cc",
            "force_destroy": false,
            "id": "assets/vendor/glightbox/css/plyr.css",
            "key": "assets/vendor/glightbox/css/plyr.css",
            "kms_key_id": null,
            "metadata": {},
            "object_lock_legal_hold_status": "",
            "object_lock_mode": "",
            "object_lock_retain_until_date": "",
            "server_side_encryption": "AES256",
            "source": "../MyPortfolio/index.html",
            "source_hash": null,
            "storage_class": "STANDARD",
            "tags": {},
            "tags_all": {},
            "version_id": "",
            "website_redirect": ""
          },
          "sensitive_attributes": [],
          "private": "bnVsbA==",
          "dependencies": [
            "aws_s3_bucket.priya-resume-bucket"
          ]
        },
        {
          "index_key": "assets/vendor/glightbox/css/plyr.min.css",
          "schema_version": 0,
          "attributes": {
            "acl": "private",
            "bucket": "priya-resume-bucket",
            "bucket_key_enabled": false,
            "cache_control": "",
            "content": null,
            "content_base64": null,
            "content_disposition": "",
            "content_encoding": "",
            "content_language": "",
            "content_type": "binary/octet-stream",
            "etag": "219aaff98df869eb410f1389923418cc",
            "force_destroy": false,
            "id": "assets/vendor/glightbox/css/plyr.min.css",
            "key": "assets/vendor/glightbox/css/plyr.min.css",
            "kms_key_id": null,
            "metadata": {},
            "object_lock_legal_hold_status": "",
            "object_lock_mode": "",
            "object_lock_retain_until_date": "",
            "server_side_encryption": "AES256",
            "source": "../MyPortfolio/index.html",
            "source_hash": null,
            "storage_class": "STANDARD",
            "tags": {},
            "tags_all": {},
            "version_id": "",
            "website_redirect": ""
          },
          "sensitive_attributes": [],
          "private": "bnVsbA==",
          "dependencies": [
            "aws_s3_bucket.priya-resume-bucket"
          ]
        },
        {
          "index_key": "assets/vendor/glightbox/js/glightbox.js",
          "schema_version": 0,
          "attributes": {
            "acl": "private",
            "bucket": "priya-resume-bucket",
            "bucket_key_enabled": false,
            "cache_control": "",
            "content": null,
            "content_base64": null,
            "content_disposition": "",
            "content_encoding": "",
            "content_language": "",
            "content_type": "binary/octet-stream",
            "etag": "219aaff98df869eb410f1389923418cc",
            "force_destroy": false,
            "id": "assets/vendor/glightbox/js/glightbox.js",
            "key": "assets/vendor/glightbox/js/glightbox.js",
            "kms_key_id": null,
            "metadata": {},
            "object_lock_legal_hold_status": "",
            "object_lock_mode": "",
            "object_lock_retain_until_date": "",
            "server_side_encryption": "AES256",
            "source": "../MyPortfolio/index.html",
            "source_hash": null,
            "storage_class": "STANDARD",
            "tags": {},
            "tags_all": {},
            "version_id": "",
            "website_redirect": ""
          },
          "sensitive_attributes": [],
          "private": "bnVsbA==",
          "dependencies": [
            "aws_s3_bucket.priya-resume-bucket"
          ]
        },
        {
          "index_key": "assets/vendor/glightbox/js/glightbox.min.js",
          "schema_version": 0,
          "attributes": {
            "acl": "private",
            "bucket": "priya-resume-bucket",
            "bucket_key_enabled": false,
            "cache_control": "",
            "content": null,
            "content_base64": null,
            "content_disposition": "",
            "content_encoding": "",
            "content_language": "",
            "content_type": "binary/octet-stream",
            "etag": "219aaff98df869eb410f1389923418cc",
            "force_destroy": false,
            "id": "assets/vendor/glightbox/js/glightbox.min.js",
            "key": "assets/vendor/glightbox/js/glightbox.min.js",
            "kms_key_id": null,
            "metadata": {},
            "object_lock_legal_hold_status": "",
            "object_lock_mode": "",
            "object_lock_retain_until_date": "",
            "server_side_encryption": "AES256",
            "source": "../MyPortfolio/index.html",
            "source_hash": null,
            "storage_class": "STANDARD",
            "tags": {},
            "tags_all": {},
            "version_id": "",
            "website_redirect": ""
          },
          "sensitive_attributes": [],
          "private": "bnVsbA==",
          "dependencies": [
            "aws_s3_bucket.priya-resume-bucket"
          ]
        },
        {
          "index_key": "assets/vendor/isotope-layout/isotope.pkgd.js",
          "schema_version": 0,
          "attributes": {
            "acl": "private",
            "bucket": "priya-resume-bucket",
            "bucket_key_enabled": false,
            "cache_control": "",
            "content": null,
            "content_base64": null,
            "content_disposition": "",
            "content_encoding": "",
            "content_language": "",
            "content_type": "binary/octet-stream",
            "etag": "219aaff98df869eb410f1389923418cc",
            "force_destroy": false,
            "id": "assets/vendor/isotope-layout/isotope.pkgd.js",
            "key": "assets/vendor/isotope-layout/isotope.pkgd.js",
            "kms_key_id": null,
            "metadata": {},
            "object_lock_legal_hold_status": "",
            "object_lock_mode": "",
            "object_lock_retain_until_date": "",
            "server_side_encryption": "AES256",
            "source": "../MyPortfolio/index.html",
            "source_hash": null,
            "storage_class": "STANDARD",
            "tags": {},
            "tags_all": {},
            "version_id": "",
            "website_redirect": ""
          },
          "sensitive_attributes": [],
          "private": "bnVsbA==",
          "dependencies": [
            "aws_s3_bucket.priya-resume-bucket"
          ]
        },
        {
          "index_key": "assets/vendor/isotope-layout/isotope.pkgd.min.js",
          "schema_version": 0,
          "attributes": {
            "acl": "private",
            "bucket": "priya-resume-bucket",
            "bucket_key_enabled": false,
            "cache_control": "",
            "content": null,
            "content_base64": null,
            "content_disposition": "",
            "content_encoding": "",
            "content_language": "",
            "content_type": "binary/octet-stream",
            "etag": "219aaff98df869eb410f1389923418cc",
            "force_destroy": false,
            "id": "assets/vendor/isotope-layout/isotope.pkgd.min.js",
            "key": "assets/vendor/isotope-layout/isotope.pkgd.min.js",
            "kms_key_id": null,
            "metadata": {},
            "object_lock_legal_hold_status": "",
            "object_lock_mode": "",
            "object_lock_retain_until_date": "",
            "server_side_encryption": "AES256",
            "source": "../MyPortfolio/index.html",
            "source_hash": null,
            "storage_class": "STANDARD",
            "tags": {},
            "tags_all": {},
            "version_id": "",
            "website_redirect": ""
          },
          "sensitive_attributes": [],
          "private": "bnVsbA==",
          "dependencies": [
            "aws_s3_bucket.priya-resume-bucket"
          ]
        },
        {
          "index_key": "assets/vendor/php-email-form/validate.js",
          "schema_version": 0,
          "attributes": {
            "acl": "private",
            "bucket": "priya-resume-bucket",
            "bucket_key_enabled": false,
            "cache_control": "",
            "content": null,
            "content_base64": null,
            "content_disposition": "",
            "content_encoding": "",
            "content_language": "",
            "content_type": "binary/octet-stream",
            "etag": "219aaff98df869eb410f1389923418cc",
            "force_destroy": false,
            "id": "assets/vendor/php-email-form/validate.js",
            "key": "assets/vendor/php-email-form/validate.js",
            "kms_key_id": null,
            "metadata": {},
            "object_lock_legal_hold_status": "",
            "object_lock_mode": "",
            "object_lock_retain_until_date": "",
            "server_side_encryption": "AES256",
            "source": "../MyPortfolio/index.html",
            "source_hash": null,
            "storage_class": "STANDARD",
            "tags": {},
            "tags_all": {},
            "version_id": "",
            "website_redirect": ""
          },
          "sensitive_attributes": [],
          "private": "bnVsbA==",
          "dependencies": [
            "aws_s3_bucket.priya-resume-bucket"
          ]
        },
        {
          "index_key": "assets/vendor/purecounter/purecounter_vanilla.js",
          "schema_version": 0,
          "attributes": {
            "acl": "private",
            "bucket": "priya-resume-bucket",
            "bucket_key_enabled": false,
            "cache_control": "",
            "content": null,
            "content_base64": null,
            "content_disposition": "",
            "content_encoding": "",
            "content_language": "",
            "content_type": "binary/octet-stream",
            "etag": "219aaff98df869eb410f1389923418cc",
            "force_destroy": false,
            "id": "assets/vendor/purecounter/purecounter_vanilla.js",
            "key": "assets/vendor/purecounter/purecounter_vanilla.js",
            "kms_key_id": null,
            "metadata": {},
            "object_lock_legal_hold_status": "",
            "object_lock_mode": "",
            "object_lock_retain_until_date": "",
            "server_side_encryption": "AES256",
            "source": "../MyPortfolio/index.html",
            "source_hash": null,
            "storage_class": "STANDARD",
            "tags": {},
            "tags_all": {},
            "version_id": "",
            "website_redirect": ""
          },
          "sensitive_attributes": [],
          "private": "bnVsbA==",
          "dependencies": [
            "aws_s3_bucket.priya-resume-bucket"
          ]
        },
        {
          "index_key": "assets/vendor/purecounter/purecounter_vanilla.js.map",
          "schema_version": 0,
          "attributes": {
            "acl": "private",
            "bucket": "priya-resume-bucket",
            "bucket_key_enabled": false,
            "cache_control": "",
            "content": null,
            "content_base64": null,
            "content_disposition": "",
            "content_encoding": "",
            "content_language": "",
            "content_type": "binary/octet-stream",
            "etag": "219aaff98df869eb410f1389923418cc",
            "force_destroy": false,
            "id": "assets/vendor/purecounter/purecounter_vanilla.js.map",
            "key": "assets/vendor/purecounter/purecounter_vanilla.js.map",
            "kms_key_id": null,
            "metadata": {},
            "object_lock_legal_hold_status": "",
            "object_lock_mode": "",
            "object_lock_retain_until_date": "",
            "server_side_encryption": "AES256",
            "source": "../MyPortfolio/index.html",
            "source_hash": null,
            "storage_class": "STANDARD",
            "tags": {},
            "tags_all": {},
            "version_id": "",
            "website_redirect": ""
          },
          "sensitive_attributes": [],
          "private": "bnVsbA==",
          "dependencies": [
            "aws_s3_bucket.priya-resume-bucket"
          ]
        },
        {
          "index_key": "assets/vendor/swiper/swiper-bundle.min.css",
          "schema_version": 0,
          "attributes": {
            "acl": "private",
            "bucket": "priya-resume-bucket",
            "bucket_key_enabled": false,
            "cache_control": "",
            "content": null,
            "content_base64": null,
            "content_disposition": "",
            "content_encoding": "",
            "content_language": "",
            "content_type": "binary/octet-stream",
            "etag": "219aaff98df869eb410f1389923418cc",
            "force_destroy": false,
            "id": "assets/vendor/swiper/swiper-bundle.min.css",
            "key": "assets/vendor/swiper/swiper-bundle.min.css",
            "kms_key_id": null,
            "metadata": {},
            "object_lock_legal_hold_status": "",
            "object_lock_mode": "",
            "object_lock_retain_until_date": "",
            "server_side_encryption": "AES256",
            "source": "../MyPortfolio/index.html",
            "source_hash": null,
            "storage_class": "STANDARD",
            "tags": {},
            "tags_all": {},
            "version_id": "",
            "website_redirect": ""
          },
          "sensitive_attributes": [],
          "private": "bnVsbA==",
          "dependencies": [
            "aws_s3_bucket.priya-resume-bucket"
          ]
        },
        {
          "index_key": "assets/vendor/swiper/swiper-bundle.min.js",
          "schema_version": 0,
          "attributes": {
            "acl": "private",
            "bucket": "priya-resume-bucket",
            "bucket_key_enabled": false,
            "cache_control": "",
            "content": null,
            "content_base64": null,
            "content_disposition": "",
            "content_encoding": "",
            "content_language": "",
            "content_type": "binary/octet-stream",
            "etag": "219aaff98df869eb410f1389923418cc",
            "force_destroy": false,
            "id": "assets/vendor/swiper/swiper-bundle.min.js",
            "key": "assets/vendor/swiper/swiper-bundle.min.js",
            "kms_key_id": null,
            "metadata": {},
            "object_lock_legal_hold_status": "",
            "object_lock_mode": "",
            "object_lock_retain_until_date": "",
            "server_side_encryption": "AES256",
            "source": "../MyPortfolio/index.html",
            "source_hash": null,
            "storage_class": "STANDARD",
            "tags": {},
            "tags_all": {},
            "version_id": "",
            "website_redirect": ""
          },
          "sensitive_attributes": [],
          "private": "bnVsbA==",
          "dependencies": [
            "aws_s3_bucket.priya-resume-bucket"
          ]
        },
        {
          "index_key": "assets/vendor/swiper/swiper-bundle.min.js.map",
          "schema_version": 0,
          "attributes": {
            "acl": "private",
            "bucket": "priya-resume-bucket",
            "bucket_key_enabled": false,
            "cache_control": "",
            "content": null,
            "content_base64": null,
            "content_disposition": "",
            "content_encoding": "",
            "content_language": "",
            "content_type": "binary/octet-stream",
            "etag": "219aaff98df869eb410f1389923418cc",
            "force_destroy": false,
            "id": "assets/vendor/swiper/swiper-bundle.min.js.map",
            "key": "assets/vendor/swiper/swiper-bundle.min.js.map",
            "kms_key_id": null,
            "metadata": {},
            "object_lock_legal_hold_status": "",
            "object_lock_mode": "",
            "object_lock_retain_until_date": "",
            "server_side_encryption": "AES256",
            "source": "../MyPortfolio/index.html",
            "source_hash": null,
            "storage_class": "STANDARD",
            "tags": {},
            "tags_all": {},
            "version_id": "",
            "website_redirect": ""
          },
          "sensitive_attributes": [],
          "private": "bnVsbA==",
          "dependencies": [
            "aws_s3_bucket.priya-resume-bucket"
          ]
        },
        {
          "index_key": "assets/vendor/typed.js/typed.js",
          "schema_version": 0,
          "attributes": {
            "acl": "private",
            "bucket": "priya-resume-bucket",
            "bucket_key_enabled": false,
            "cache_control": "",
            "content": null,
            "content_base64": null,
            "content_disposition": "",
            "content_encoding": "",
            "content_language": "",
            "content_type": "binary/octet-stream",
            "etag": "219aaff98df869eb410f1389923418cc",
            "force_destroy": false,
            "id": "assets/vendor/typed.js/typed.js",
            "key": "assets/vendor/typed.js/typed.js",
            "kms_key_id": null,
            "metadata": {},
            "object_lock_legal_hold_status": "",
            "object_lock_mode": "",
            "object_lock_retain_until_date": "",
            "server_side_encryption": "AES256",
            "source": "../MyPortfolio/index.html",
            "source_hash": null,
            "storage_class": "STANDARD",
            "tags": {},
            "tags_all": {},
            "version_id": "",
            "website_redirect": ""
          },
          "sensitive_attributes": [],
          "private": "bnVsbA==",
          "dependencies": [
            "aws_s3_bucket.priya-resume-bucket"
          ]
        },
        {
          "index_key": "assets/vendor/typed.js/typed.min.js",
          "schema_version": 0,
          "attributes": {
            "acl": "private",
            "bucket": "priya-resume-bucket",
            "bucket_key_enabled": false,
            "cache_control": "",
            "content": null,
            "content_base64": null,
            "content_disposition": "",
            "content_encoding": "",
            "content_language": "",
            "content_type": "binary/octet-stream",
            "etag": "219aaff98df869eb410f1389923418cc",
            "force_destroy": false,
            "id": "assets/vendor/typed.js/typed.min.js",
            "key": "assets/vendor/typed.js/typed.min.js",
            "kms_key_id": null,
            "metadata": {},
            "object_lock_legal_hold_status": "",
            "object_lock_mode": "",
            "object_lock_retain_until_date": "",
            "server_side_encryption": "AES256",
            "source": "../MyPortfolio/index.html",
            "source_hash": null,
            "storage_class": "STANDARD",
            "tags": {},
            "tags_all": {},
            "version_id": "",
            "website_redirect": ""
          },
          "sensitive_attributes": [],
          "private": "bnVsbA==",
          "dependencies": [
            "aws_s3_bucket.priya-resume-bucket"
          ]
        },
        {
          "index_key": "assets/vendor/typed.js/typed.min.js.map",
          "schema_version": 0,
          "attributes": {
            "acl": "private",
            "bucket": "priya-resume-bucket",
            "bucket_key_enabled": false,
            "cache_control": "",
            "content": null,
            "content_base64": null,
            "content_disposition": "",
            "content_encoding": "",
            "content_language": "",
            "content_type": "binary/octet-stream",
            "etag": "219aaff98df869eb410f1389923418cc",
            "force_destroy": false,
            "id": "assets/vendor/typed.js/typed.min.js.map",
            "key": "assets/vendor/typed.js/typed.min.js.map",
            "kms_key_id": null,
            "metadata": {},
            "object_lock_legal_hold_status": "",
            "object_lock_mode": "",
            "object_lock_retain_until_date": "",
            "server_side_encryption": "AES256",
            "source": "../MyPortfolio/index.html",
            "source_hash": null,
            "storage_class": "STANDARD",
            "tags": {},
            "tags_all": {},
            "version_id": "",
            "website_redirect": ""
          },
          "sensitive_attributes": [],
          "private": "bnVsbA==",
          "dependencies": [
            "aws_s3_bucket.priya-resume-bucket"
          ]
        },
        {
          "index_key": "assets/vendor/waypoints/noframework.waypoints.js",
          "schema_version": 0,
          "attributes": {
            "acl": "private",
            "bucket": "priya-resume-bucket",
            "bucket_key_enabled": false,
            "cache_control": "",
            "content": null,
            "content_base64": null,
            "content_disposition": "",
            "content_encoding": "",
            "content_language": "",
            "content_type": "binary/octet-stream",
            "etag": "219aaff98df869eb410f1389923418cc",
            "force_destroy": false,
            "id": "assets/vendor/waypoints/noframework.waypoints.js",
            "key": "assets/vendor/waypoints/noframework.waypoints.js",
            "kms_key_id": null,
            "metadata": {},
            "object_lock_legal_hold_status": "",
            "object_lock_mode": "",
            "object_lock_retain_until_date": "",
            "server_side_encryption": "AES256",
            "source": "../MyPortfolio/index.html",
            "source_hash": null,
            "storage_class": "STANDARD",
            "tags": {},
            "tags_all": {},
            "version_id": "",
            "website_redirect": ""
          },
          "sensitive_attributes": [],
          "private": "bnVsbA==",
          "dependencies": [
            "aws_s3_bucket.priya-resume-bucket"
          ]
        },
        {
          "index_key": "forms/Readme.txt",
          "schema_version": 0,
          "attributes": {
            "acl": "private",
            "bucket": "priya-resume-bucket",
            "bucket_key_enabled": false,
            "cache_control": "",
            "content": null,
            "content_base64": null,
            "content_disposition": "",
            "content_encoding": "",
            "content_language": "",
            "content_type": "binary/octet-stream",
            "etag": "219aaff98df869eb410f1389923418cc",
            "force_destroy": false,
            "id": "forms/Readme.txt",
            "key": "forms/Readme.txt",
            "kms_key_id": null,
            "metadata": {},
            "object_lock_legal_hold_status": "",
            "object_lock_mode": "",
            "object_lock_retain_until_date": "",
            "server_side_encryption": "AES256",
            "source": "../MyPortfolio/index.html",
            "source_hash": null,
            "storage_class": "STANDARD",
            "tags": {},
            "tags_all": {},
            "version_id": "",
            "website_redirect": ""
          },
          "sensitive_attributes": [],
          "private": "bnVsbA==",
          "dependencies": [
            "aws_s3_bucket.priya-resume-bucket"
          ]
        },
        {
          "index_key": "forms/contact.php",
          "schema_version": 0,
          "attributes": {
            "acl": "private",
            "bucket": "priya-resume-bucket",
            "bucket_key_enabled": false,
            "cache_control": "",
            "content": null,
            "content_base64": null,
            "content_disposition": "",
            "content_encoding": "",
            "content_language": "",
            "content_type": "binary/octet-stream",
            "etag": "219aaff98df869eb410f1389923418cc",
            "force_destroy": false,
            "id": "forms/contact.php",
            "key": "forms/contact.php",
            "kms_key_id": null,
            "metadata": {},
            "object_lock_legal_hold_status": "",
            "object_lock_mode": "",
            "object_lock_retain_until_date": "",
            "server_side_encryption": "AES256",
            "source": "../MyPortfolio/index.html",
            "source_hash": null,
            "storage_class": "STANDARD",
            "tags": {},
            "tags_all": {},
            "version_id": "",
            "website_redirect": ""
          },
          "sensitive_attributes": [],
          "private": "bnVsbA==",
          "dependencies": [
            "aws_s3_bucket.priya-resume-bucket"
          ]
        },
        {
          "index_key": "index.html",
          "schema_version": 0,
          "attributes": {
            "acl": "private",
            "bucket": "priya-resume-bucket",
            "bucket_key_enabled": false,
            "cache_control": "",
            "content": null,
            "content_base64": null,
            "content_disposition": "",
            "content_encoding": "",
            "content_language": "",
            "content_type": "binary/octet-stream",
            "etag": "219aaff98df869eb410f1389923418cc",
            "force_destroy": false,
            "id": "index.html",
            "key": "index.html",
            "kms_key_id": null,
            "metadata": {},
            "object_lock_legal_hold_status": "",
            "object_lock_mode": "",
            "object_lock_retain_until_date": "",
            "server_side_encryption": "AES256",
            "source": "../MyPortfolio/index.html",
            "source_hash": null,
            "storage_class": "STANDARD",
            "tags": {},
            "tags_all": {},
            "version_id": "",
            "website_redirect": ""
          },
          "sensitive_attributes": [],
          "private": "bnVsbA==",
          "dependencies": [
            "aws_s3_bucket.priya-resume-bucket"
          ]
        },
        {
          "index_key": "inner-page.html",
          "schema_version": 0,
          "attributes": {
            "acl": "private",
            "bucket": "priya-resume-bucket",
            "bucket_key_enabled": false,
            "cache_control": "",
            "content": null,
            "content_base64": null,
            "content_disposition": "",
            "content_encoding": "",
            "content_language": "",
            "content_type": "binary/octet-stream",
            "etag": "219aaff98df869eb410f1389923418cc",
            "force_destroy": false,
            "id": "inner-page.html",
            "key": "inner-page.html",
            "kms_key_id": null,
            "metadata": {},
            "object_lock_legal_hold_status": "",
            "object_lock_mode": "",
            "object_lock_retain_until_date": "",
            "server_side_encryption": "AES256",
            "source": "../MyPortfolio/index.html",
            "source_hash": null,
            "storage_class": "STANDARD",
            "tags": {},
            "tags_all": {},
            "version_id": "",
            "website_redirect": ""
          },
          "sensitive_attributes": [],
          "private": "bnVsbA==",
          "dependencies": [
            "aws_s3_bucket.priya-resume-bucket"
          ]
        },
        {
          "index_key": "portfolio-details.html",
          "schema_version": 0,
          "attributes": {
            "acl": "private",
            "bucket": "priya-resume-bucket",
            "bucket_key_enabled": false,
            "cache_control": "",
            "content": null,
            "content_base64": null,
            "content_disposition": "",
            "content_encoding": "",
            "content_language": "",
            "content_type": "binary/octet-stream",
            "etag": "219aaff98df869eb410f1389923418cc",
            "force_destroy": false,
            "id": "portfolio-details.html",
            "key": "portfolio-details.html",
            "kms_key_id": null,
            "metadata": {},
            "object_lock_legal_hold_status": "",
            "object_lock_mode": "",
            "object_lock_retain_until_date": "",
            "server_side_encryption": "AES256",
            "source": "../MyPortfolio/index.html",
            "source_hash": null,
            "storage_class": "STANDARD",
            "tags": {},
            "tags_all": {},
            "version_id": "",
            "website_redirect": ""
          },
          "sensitive_attributes": [],
          "private": "bnVsbA==",
          "dependencies": [
            "aws_s3_bucket.priya-resume-bucket"
          ]
        }
      ]
    }
  ]
}
