{
  "version": 4,
  "terraform_version": "1.0.7",
  "serial": 21,
  "lineage": "5212119b-3520-64fa-3d52-dfb4fc22d763",
  "outputs": {},
  "resources": [
    {
      "mode": "data",
      "type": "archive_file",
      "name": "lambda",
      "provider": "provider[\"registry.terraform.io/hashicorp/archive\"]",
      "instances": [
        {
          "schema_version": 0,
          "attributes": {
            "excludes": null,
            "id": "3a0361affc44cc498d87babc6f0f66d1c1f93f95",
            "output_base64sha256": "sttZtDk44zVfv0Ujr/9nkA6pkE8rJWnyaqIOFGkOs+s=",
            "output_file_mode": null,
            "output_md5": "e3cc7f44faf49ac162d539637bb4b667",
            "output_path": "lambda_function_packed.zip",
            "output_sha": "3a0361affc44cc498d87babc6f0f66d1c1f93f95",
            "output_size": 355,
            "source": [],
            "source_content": null,
            "source_content_filename": null,
            "source_dir": null,
            "source_file": "lambda.py",
            "type": "zip"
          },
          "sensitive_attributes": []
        }
      ]
    },
    {
      "mode": "data",
      "type": "aws_iam_policy_document",
      "name": "assume_role",
      "provider": "provider[\"registry.terraform.io/hashicorp/aws\"]",
      "instances": [
        {
          "schema_version": 0,
          "attributes": {
            "id": "3693445097",
            "json": "{\n  \"Version\": \"2012-10-17\",\n  \"Statement\": [\n    {\n      \"Sid\": \"\",\n      \"Effect\": \"Allow\",\n      \"Action\": \"sts:AssumeRole\",\n      \"Principal\": {\n        \"Service\": \"lambda.amazonaws.com\"\n      }\n    }\n  ]\n}",
            "override_json": null,
            "override_policy_documents": null,
            "policy_id": null,
            "source_json": null,
            "source_policy_documents": null,
            "statement": [
              {
                "actions": [
                  "sts:AssumeRole"
                ],
                "condition": [],
                "effect": "Allow",
                "not_actions": [],
                "not_principals": [],
                "not_resources": [],
                "principals": [
                  {
                    "identifiers": [
                      "lambda.amazonaws.com"
                    ],
                    "type": "Service"
                  }
                ],
                "resources": [],
                "sid": ""
              }
            ],
            "version": "2012-10-17"
          },
          "sensitive_attributes": []
        }
      ]
    },
    {
      "mode": "managed",
      "type": "aws_iam_policy",
      "name": "iam_policy_for_cloud_resume",
      "provider": "provider[\"registry.terraform.io/hashicorp/aws\"]",
      "instances": [
        {
          "schema_version": 0,
          "attributes": {
            "arn": "arn:aws:iam::037908621709:policy/cloud_resume_policy",
            "description": "AWS IAM Policy for dynamodb",
            "id": "arn:aws:iam::037908621709:policy/cloud_resume_policy",
            "name": "cloud_resume_policy",
            "name_prefix": "",
            "path": "/",
            "policy": "{\"Statement\":[{\"Action\":[\"dynamodb:*\",\"dax:*\",\"application-autoscaling:DeleteScalingPolicy\",\"application-autoscaling:DeregisterScalableTarget\",\"application-autoscaling:DescribeScalableTargets\",\"application-autoscaling:DescribeScalingActivities\",\"application-autoscaling:DescribeScalingPolicies\",\"application-autoscaling:PutScalingPolicy\",\"application-autoscaling:RegisterScalableTarget\",\"cloudwatch:DeleteAlarms\",\"cloudwatch:DescribeAlarmHistory\",\"cloudwatch:DescribeAlarms\",\"cloudwatch:DescribeAlarmsForMetric\",\"cloudwatch:GetMetricStatistics\",\"cloudwatch:ListMetrics\",\"cloudwatch:PutMetricAlarm\",\"cloudwatch:GetMetricData\",\"datapipeline:ActivatePipeline\",\"datapipeline:CreatePipeline\",\"datapipeline:DeletePipeline\",\"datapipeline:DescribeObjects\",\"datapipeline:DescribePipelines\",\"datapipeline:GetPipelineDefinition\",\"datapipeline:ListPipelines\",\"datapipeline:PutPipelineDefinition\",\"datapipeline:QueryObjects\",\"ec2:DescribeVpcs\",\"ec2:DescribeSubnets\",\"ec2:DescribeSecurityGroups\",\"iam:GetRole\",\"iam:ListRoles\",\"kms:DescribeKey\",\"kms:ListAliases\",\"sns:CreateTopic\",\"sns:DeleteTopic\",\"sns:ListSubscriptions\",\"sns:ListSubscriptionsByTopic\",\"sns:ListTopics\",\"sns:Subscribe\",\"sns:Unsubscribe\",\"sns:SetTopicAttributes\",\"lambda:CreateFunction\",\"lambda:ListFunctions\",\"lambda:ListEventSourceMappings\",\"lambda:CreateEventSourceMapping\",\"lambda:DeleteEventSourceMapping\",\"lambda:GetFunctionConfiguration\",\"lambda:DeleteFunction\",\"resource-groups:ListGroups\",\"resource-groups:ListGroupResources\",\"resource-groups:GetGroup\",\"resource-groups:GetGroupQuery\",\"resource-groups:DeleteGroup\",\"resource-groups:CreateGroup\",\"tag:GetResources\",\"kinesis:ListStreams\",\"kinesis:DescribeStream\",\"kinesis:DescribeStreamSummary\"],\"Effect\":\"Allow\",\"Resource\":\"*\"},{\"Action\":\"cloudwatch:GetInsightRuleReport\",\"Effect\":\"Allow\",\"Resource\":\"arn:aws:cloudwatch:*:*:insight-rule/DynamoDBContributorInsights*\"},{\"Action\":[\"iam:PassRole\"],\"Condition\":{\"StringLike\":{\"iam:PassedToService\":[\"application-autoscaling.amazonaws.com\",\"application-autoscaling.amazonaws.com.cn\",\"dax.amazonaws.com\"]}},\"Effect\":\"Allow\",\"Resource\":\"*\"},{\"Action\":[\"iam:CreateServiceLinkedRole\"],\"Condition\":{\"StringEquals\":{\"iam:AWSServiceName\":[\"replication.dynamodb.amazonaws.com\",\"dax.amazonaws.com\",\"dynamodb.application-autoscaling.amazonaws.com\",\"contributorinsights.dynamodb.amazonaws.com\",\"kinesisreplication.dynamodb.amazonaws.com\"]}},\"Effect\":\"Allow\",\"Resource\":\"*\"}],\"Version\":\"2012-10-17\"}",
            "policy_id": "ANPAQRU4HVGG7JM225MBG",
            "tags": {},
            "tags_all": {}
          },
          "sensitive_attributes": [],
          "private": "bnVsbA=="
        }
      ]
    },
    {
      "mode": "managed",
      "type": "aws_iam_policy_attachment",
      "name": "test-attach",
      "provider": "provider[\"registry.terraform.io/hashicorp/aws\"]",
      "instances": [
        {
          "schema_version": 0,
          "attributes": {
            "groups": [],
            "id": "test-attachment",
            "name": "test-attachment",
            "policy_arn": "arn:aws:iam::037908621709:policy/cloud_resume_policy",
            "roles": [
              "iam_for_lambda"
            ],
            "users": []
          },
          "sensitive_attributes": [],
          "private": "bnVsbA==",
          "dependencies": [
            "aws_iam_policy.iam_policy_for_cloud_resume",
            "aws_iam_role.iam_for_lambda",
            "data.aws_iam_policy_document.assume_role"
          ]
        }
      ]
    },
    {
      "mode": "managed",
      "type": "aws_iam_role",
      "name": "iam_for_lambda",
      "provider": "provider[\"registry.terraform.io/hashicorp/aws\"]",
      "instances": [
        {
          "schema_version": 0,
          "attributes": {
            "arn": "arn:aws:iam::037908621709:role/iam_for_lambda",
            "assume_role_policy": "{\"Statement\":[{\"Action\":\"sts:AssumeRole\",\"Effect\":\"Allow\",\"Principal\":{\"Service\":\"lambda.amazonaws.com\"},\"Sid\":\"\"}],\"Version\":\"2012-10-17\"}",
            "create_date": "2023-05-24T17:36:34Z",
            "description": "",
            "force_detach_policies": false,
            "id": "iam_for_lambda",
            "inline_policy": [],
            "managed_policy_arns": [
              "arn:aws:iam::037908621709:policy/cloud_resume_policy"
            ],
            "max_session_duration": 3600,
            "name": "iam_for_lambda",
            "name_prefix": "",
            "path": "/",
            "permissions_boundary": null,
            "role_last_used": [
              {
                "last_used_date": "2023-05-26T11:31:50Z",
                "region": "us-east-1"
              }
            ],
            "tags": {},
            "tags_all": {},
            "unique_id": "AROAQRU4HVGG6I4JZUUDY"
          },
          "sensitive_attributes": [],
          "private": "bnVsbA==",
          "dependencies": [
            "data.aws_iam_policy_document.assume_role"
          ]
        }
      ]
    },
    {
      "mode": "managed",
      "type": "aws_lambda_function",
      "name": "cloud_lambda",
      "provider": "provider[\"registry.terraform.io/hashicorp/aws\"]",
      "instances": [
        {
          "schema_version": 0,
          "attributes": {
            "architectures": [
              "x86_64"
            ],
            "arn": "arn:aws:lambda:us-east-1:037908621709:function:cloud_lambda",
            "code_signing_config_arn": "",
            "dead_letter_config": [],
            "description": "",
            "environment": [],
            "ephemeral_storage": [
              {
                "size": 512
              }
            ],
            "file_system_config": [],
            "filename": "lambda_function_packed.zip",
            "function_name": "cloud_lambda",
            "handler": "lambda.lambda_handler",
            "id": "cloud_lambda",
            "image_config": [],
            "image_uri": "",
            "invoke_arn": "arn:aws:apigateway:us-east-1:lambda:path/2015-03-31/functions/arn:aws:lambda:us-east-1:037908621709:function:cloud_lambda/invocations",
            "kms_key_arn": "",
            "last_modified": "2023-05-26T11:28:45.000+0000",
            "layers": [],
            "memory_size": 128,
            "package_type": "Zip",
            "publish": false,
            "qualified_arn": "arn:aws:lambda:us-east-1:037908621709:function:cloud_lambda:$LATEST",
            "qualified_invoke_arn": "arn:aws:apigateway:us-east-1:lambda:path/2015-03-31/functions/arn:aws:lambda:us-east-1:037908621709:function:cloud_lambda:$LATEST/invocations",
            "replace_security_groups_on_destroy": null,
            "replacement_security_group_ids": null,
            "reserved_concurrent_executions": -1,
            "role": "arn:aws:iam::037908621709:role/iam_for_lambda",
            "runtime": "python3.9",
            "s3_bucket": null,
            "s3_key": null,
            "s3_object_version": null,
            "signing_job_arn": "",
            "signing_profile_version_arn": "",
            "skip_destroy": false,
            "snap_start": [],
            "source_code_hash": "sttZtDk44zVfv0Ujr/9nkA6pkE8rJWnyaqIOFGkOs+s=",
            "source_code_size": 355,
            "tags": {},
            "tags_all": {},
            "timeout": 3,
            "timeouts": null,
            "tracing_config": [
              {
                "mode": "PassThrough"
              }
            ],
            "version": "$LATEST",
            "vpc_config": []
          },
          "sensitive_attributes": [],
          "private": "eyJlMmJmYjczMC1lY2FhLTExZTYtOGY4OC0zNDM2M2JjN2M0YzAiOnsiY3JlYXRlIjo2MDAwMDAwMDAwMDAsImRlbGV0ZSI6NjAwMDAwMDAwMDAwLCJ1cGRhdGUiOjYwMDAwMDAwMDAwMH19",
          "dependencies": [
            "aws_iam_role.iam_for_lambda",
            "data.archive_file.lambda",
            "data.aws_iam_policy_document.assume_role"
          ]
        }
      ]
    },
    {
      "mode": "managed",
      "type": "aws_lambda_function_url",
      "name": "furl",
      "provider": "provider[\"registry.terraform.io/hashicorp/aws\"]",
      "instances": [
        {
          "schema_version": 0,
          "attributes": {
            "authorization_type": "NONE",
            "cors": [
              {
                "allow_credentials": true,
                "allow_headers": [
                  "date",
                  "keep-alive"
                ],
                "allow_methods": [
                  "*"
                ],
                "allow_origins": [
                  "*"
                ],
                "expose_headers": [
                  "date",
                  "keep-alive"
                ],
                "max_age": 86400
              }
            ],
            "function_arn": "arn:aws:lambda:us-east-1:037908621709:function:cloud_lambda",
            "function_name": "cloud_lambda",
            "function_url": "https://cegzbwdfsfdh2agygcxvmlx65i0eucxb.lambda-url.us-east-1.on.aws/",
            "id": "cloud_lambda",
            "invoke_mode": "BUFFERED",
            "qualifier": "",
            "timeouts": null,
            "url_id": "cegzbwdfsfdh2agygcxvmlx65i0eucxb"
          },
          "sensitive_attributes": [],
          "private": "eyJlMmJmYjczMC1lY2FhLTExZTYtOGY4OC0zNDM2M2JjN2M0YzAiOnsiY3JlYXRlIjo2MDAwMDAwMDAwMDB9fQ==",
          "dependencies": [
            "data.aws_iam_policy_document.assume_role",
            "aws_iam_role.iam_for_lambda",
            "aws_lambda_function.cloud_lambda",
            "data.archive_file.lambda"
          ]
        }
      ]
    }
  ]
}
